{
  "version": 4,
  "terraform_version": "1.11.0",
  "serial": 21,
  "lineage": "0a92d0bf-cdea-00fe-7b65-8f0853475bd7",
  "outputs": {},
  "resources": [
    {
      "mode": "managed",
      "type": "aws_eks_cluster",
      "name": "devopsshack",
      "provider": "provider[\"registry.terraform.io/hashicorp/aws\"]",
      "instances": [
        {
          "schema_version": 0,
          "attributes": {
            "access_config": [
              {
                "authentication_mode": "CONFIG_MAP",
                "bootstrap_cluster_creator_admin_permissions": false
              }
            ],
            "arn": "arn:aws:eks:us-east-1:891377073299:cluster/devopsshack-cluster",
            "certificate_authority": [
              {
                "data": "LS0tLS1CRUdJTiBDRVJUSUZJQ0FURS0tLS0tCk1JSURCVENDQWUyZ0F3SUJBZ0lJV1luc3lHb0VzbXd3RFFZSktvWklodmNOQVFFTEJRQXdGVEVUTUJFR0ExVUUKQXhNS2EzVmlaWEp1WlhSbGN6QWVGdzB5TkRFeU16QXhNekl3TlRGYUZ3MHpOREV5TWpneE16STFOVEZhTUJVeApFekFSQmdOVkJBTVRDbXQxWW1WeWJtVjBaWE13Z2dFaU1BMEdDU3FHU0liM0RRRUJBUVVBQTRJQkR3QXdnZ0VLCkFvSUJBUURKaUtYTWNPSitQUnU1akhVdTFsaWgzaUZOSXRZTHJzdUkrWktYeVBrcTUvc2NZbk8zbXZxYldTTlEKNWRuQ0lnalVMVE52TjFDYUFXRHJQakx3V0crcmxycWhsNURvTWExU0FSSC9PZkVIZHFDOFFYZThlOUtSWG9TMQpzL0hLczZVT3ZOZ2RiTFJIdW1YY1ZxS2ZRTUU4eUQ0MDJMV3ZYWkx0UlhPNWZ1ZHNtWGgwSm50SllTbGhBZmRJClRuMGx4SENDaElFZXZVeGJNc2ZFbnpZVzBKWmdxbTVNdmdHb3Jya2grTWk4Y2oza0xTZmliUFZ2a0FUVDFLMGMKZTRud3NnQVRMdVJCWXBlQWZ1V3JMK3lSbzhhSlJQVDNNbkxac01nZWs3QkpUSDNqSGFIaHRNZGxxU01HOUxtYwpuMUpKbDdSQUh0V0d0bldpNWhDOVJnSng2Q1hyQWdNQkFBR2pXVEJYTUE0R0ExVWREd0VCL3dRRUF3SUNwREFQCkJnTlZIUk1CQWY4RUJUQURBUUgvTUIwR0ExVWREZ1FXQkJRV3pmZDZ1MFdXSEZKbWdGcnYwbVluY1hvckVEQVYKQmdOVkhSRUVEakFNZ2dwcmRXSmxjbTVsZEdWek1BMEdDU3FHU0liM0RRRUJDd1VBQTRJQkFRQWhWRjh0M3R1SApuSThoNGMwMzczRXBvT01VdU9KK2VtaDU2c0lrNGZFdFhudHpwTVJ2SjM5aHFyMThQSjBrK1VINmZzMW1RVnlxCnVrMXEvMHpUbHZVSENuRHZtNVR4b0pwTU8vb3c5Y0JpSjk1NkJRMVI0QXY3VFlOb0R5L0h1aU1PZDgyRHBGZzUKV1dIcmpsb0h6dGpDV3J6WUlzSEVjdGtoT3RQUXBrVEEwcUs3NWZ0d25sOTNwRkVKTEZPT3JJSVU4T2JaVUdLQgoxVHdLVFNCT2UvVUg2eURydkx0UENQcWZIZGVOMDArMTBKWGozNWJZQkZFaHFiNndxRXBTcE1FTG4zeFNyTG9JCnFiTUJ4ZmM1N2FSekE4RFNwUGIyM01XZTZvY2VZbVhzMDBmQ2Z1cVRvQVBHUEFSUVYxSTlrdHRiMU1tUnAwYS8KNkJSemd0d2FqQ3VyCi0tLS0tRU5EIENFUlRJRklDQVRFLS0tLS0K"
              }
            ],
            "cluster_id": null,
            "created_at": "2024-12-30 13:20:45.909 +0000 UTC",
            "enabled_cluster_log_types": null,
            "encryption_config": [],
            "endpoint": "https://4C655A6AE06F683F6B372CD1DF67CD1E.gr7.us-east-1.eks.amazonaws.com",
            "id": "devopsshack-cluster",
            "identity": [
              {
                "oidc": [
                  {
                    "issuer": "https://oidc.eks.us-east-1.amazonaws.com/id/4C655A6AE06F683F6B372CD1DF67CD1E"
                  }
                ]
              }
            ],
            "kubernetes_network_config": [
              {
                "ip_family": "ipv4",
                "service_ipv4_cidr": "172.20.0.0/16",
                "service_ipv6_cidr": ""
              }
            ],
            "name": "devopsshack-cluster",
            "outpost_config": [],
            "platform_version": "eks.15",
            "role_arn": "arn:aws:iam::891377073299:role/devopsshack-cluster-role",
            "status": "ACTIVE",
            "tags": null,
            "tags_all": {},
            "timeouts": null,
            "version": "1.31",
            "vpc_config": [
              {
                "cluster_security_group_id": "sg-045e2927a1dc4e673",
                "endpoint_private_access": false,
                "endpoint_public_access": true,
                "public_access_cidrs": [
                  "0.0.0.0/0"
                ],
                "security_group_ids": [
                  "sg-0a3a281753f899fc2"
                ],
                "subnet_ids": [
                  "subnet-057ecd4c2d895517d",
                  "subnet-0d382f49a258708e4"
                ],
                "vpc_id": "vpc-07e7ca5f284b06df6"
              }
            ]
          },
          "sensitive_attributes": [],
          "private": "eyJlMmJmYjczMC1lY2FhLTExZTYtOGY4OC0zNDM2M2JjN2M0YzAiOnsiY3JlYXRlIjoxODAwMDAwMDAwMDAwLCJkZWxldGUiOjkwMDAwMDAwMDAwMCwidXBkYXRlIjozNjAwMDAwMDAwMDAwfX0=",
          "dependencies": [
            "aws_iam_role.devopsshack_cluster_role",
            "aws_security_group.ec2_sg",
            "aws_subnet.public-zone1",
            "aws_subnet.public-zone2"
          ]
        }
      ]
    },
    {
      "mode": "managed",
      "type": "aws_eks_node_group",
      "name": "devopsshack",
      "provider": "provider[\"registry.terraform.io/hashicorp/aws\"]",
      "instances": [
        {
          "schema_version": 0,
          "attributes": {
            "ami_type": "AL2023_x86_64_STANDARD",
            "arn": "arn:aws:eks:us-east-1:891377073299:nodegroup/devopsshack-cluster/devopsshack-node-group/a0ca0be0-caa7-f238-cd38-1df64edad108",
            "capacity_type": "ON_DEMAND",
            "cluster_name": "devopsshack-cluster",
            "disk_size": 20,
            "force_update_version": null,
            "id": "devopsshack-cluster:devopsshack-node-group",
            "instance_types": [
              "t3.medium"
            ],
            "labels": null,
            "launch_template": [],
            "node_group_name": "devopsshack-node-group",
            "node_group_name_prefix": "",
            "node_role_arn": "arn:aws:iam::891377073299:role/devopsshack-node-group-role",
            "release_version": "1.31.3-20241225",
            "remote_access": [
              {
                "ec2_ssh_key": "monitoring-key-pair",
                "source_security_group_ids": [
                  "sg-0a3a281753f899fc2"
                ]
              }
            ],
            "resources": [
              {
                "autoscaling_groups": [
                  {
                    "name": "eks-devopsshack-node-group-a0ca0be0-caa7-f238-cd38-1df64edad108"
                  }
                ],
                "remote_access_security_group_id": "sg-07e21d3252201f46e"
              }
            ],
            "scaling_config": [
              {
                "desired_size": 2,
                "max_size": 3,
                "min_size": 1
              }
            ],
            "status": "ACTIVE",
            "subnet_ids": [
              "subnet-057ecd4c2d895517d",
              "subnet-0d382f49a258708e4"
            ],
            "tags": null,
            "tags_all": {},
            "taint": [],
            "timeouts": null,
            "update_config": [
              {
                "max_unavailable": 1,
                "max_unavailable_percentage": 0
              }
            ],
            "version": "1.31"
          },
          "sensitive_attributes": [],
          "private": "eyJlMmJmYjczMC1lY2FhLTExZTYtOGY4OC0zNDM2M2JjN2M0YzAiOnsiY3JlYXRlIjozNjAwMDAwMDAwMDAwLCJkZWxldGUiOjM2MDAwMDAwMDAwMDAsInVwZGF0ZSI6MzYwMDAwMDAwMDAwMH19",
          "dependencies": [
            "aws_eks_cluster.devopsshack",
            "aws_iam_role.devopsshack_node_group_role",
            "aws_key_pair.monitoring-server-key-pair",
            "aws_security_group.ec2_sg",
            "aws_subnet.public-zone1",
            "aws_subnet.public-zone2"
          ]
        }
      ]
    },
    {
      "mode": "managed",
      "type": "aws_iam_role",
      "name": "devopsshack_cluster_role",
      "provider": "provider[\"registry.terraform.io/hashicorp/aws\"]",
      "instances": [
        {
          "schema_version": 0,
          "attributes": {
            "arn": "arn:aws:iam::891377073299:role/devopsshack-cluster-role",
            "assume_role_policy": "{\"Statement\":[{\"Action\":\"sts:AssumeRole\",\"Effect\":\"Allow\",\"Principal\":{\"Service\":\"eks.amazonaws.com\"}}],\"Version\":\"2012-10-17\"}",
            "create_date": "2024-12-30T13:20:15Z",
            "description": "",
            "force_detach_policies": false,
            "id": "devopsshack-cluster-role",
            "inline_policy": [],
            "managed_policy_arns": [],
            "max_session_duration": 3600,
            "name": "devopsshack-cluster-role",
            "name_prefix": "",
            "path": "/",
            "permissions_boundary": "",
            "tags": null,
            "tags_all": {},
            "unique_id": "AROA47CRWXSJ4VGBJ6DVP"
          },
          "sensitive_attributes": [],
          "private": "bnVsbA=="
        }
      ]
    },
    {
      "mode": "managed",
      "type": "aws_iam_role",
      "name": "devopsshack_node_group_role",
      "provider": "provider[\"registry.terraform.io/hashicorp/aws\"]",
      "instances": [
        {
          "schema_version": 0,
          "attributes": {
            "arn": "arn:aws:iam::891377073299:role/devopsshack-node-group-role",
            "assume_role_policy": "{\"Statement\":[{\"Action\":\"sts:AssumeRole\",\"Effect\":\"Allow\",\"Principal\":{\"Service\":\"ec2.amazonaws.com\"}}],\"Version\":\"2012-10-17\"}",
            "create_date": "2024-12-30T13:20:15Z",
            "description": "",
            "force_detach_policies": false,
            "id": "devopsshack-node-group-role",
            "inline_policy": [],
            "managed_policy_arns": [],
            "max_session_duration": 3600,
            "name": "devopsshack-node-group-role",
            "name_prefix": "",
            "path": "/",
            "permissions_boundary": "",
            "tags": null,
            "tags_all": {},
            "unique_id": "AROA47CRWXSJ7AZLKIMXY"
          },
          "sensitive_attributes": [],
          "private": "bnVsbA=="
        }
      ]
    },
    {
      "mode": "managed",
      "type": "aws_iam_role_policy_attachment",
      "name": "devopsshack_cluster_role_policy",
      "provider": "provider[\"registry.terraform.io/hashicorp/aws\"]",
      "instances": [
        {
          "schema_version": 0,
          "attributes": {
            "id": "devopsshack-cluster-role-20241230132017313700000001",
            "policy_arn": "arn:aws:iam::aws:policy/AmazonEKSClusterPolicy",
            "role": "devopsshack-cluster-role"
          },
          "sensitive_attributes": [],
          "private": "bnVsbA==",
          "dependencies": [
            "aws_iam_role.devopsshack_cluster_role"
          ]
        }
      ]
    },
    {
      "mode": "managed",
      "type": "aws_iam_role_policy_attachment",
      "name": "devopsshack_node_group_cni_policy",
      "provider": "provider[\"registry.terraform.io/hashicorp/aws\"]",
      "instances": [
        {
          "schema_version": 0,
          "attributes": {
            "id": "devopsshack-node-group-role-20241230132017914600000003",
            "policy_arn": "arn:aws:iam::aws:policy/AmazonEKS_CNI_Policy",
            "role": "devopsshack-node-group-role"
          },
          "sensitive_attributes": [],
          "private": "bnVsbA==",
          "dependencies": [
            "aws_iam_role.devopsshack_node_group_role"
          ]
        }
      ]
    },
    {
      "mode": "managed",
      "type": "aws_iam_role_policy_attachment",
      "name": "devopsshack_node_group_registry_policy",
      "provider": "provider[\"registry.terraform.io/hashicorp/aws\"]",
      "instances": [
        {
          "schema_version": 0,
          "attributes": {
            "id": "devopsshack-node-group-role-20241230132017731500000002",
            "policy_arn": "arn:aws:iam::aws:policy/AmazonEC2ContainerRegistryReadOnly",
            "role": "devopsshack-node-group-role"
          },
          "sensitive_attributes": [],
          "private": "bnVsbA==",
          "dependencies": [
            "aws_iam_role.devopsshack_node_group_role"
          ]
        }
      ]
    },
    {
      "mode": "managed",
      "type": "aws_iam_role_policy_attachment",
      "name": "devopsshack_node_group_role_policy",
      "provider": "provider[\"registry.terraform.io/hashicorp/aws\"]",
      "instances": [
        {
          "schema_version": 0,
          "attributes": {
            "id": "devopsshack-node-group-role-20241230132018080200000004",
            "policy_arn": "arn:aws:iam::aws:policy/AmazonEKSWorkerNodePolicy",
            "role": "devopsshack-node-group-role"
          },
          "sensitive_attributes": [],
          "private": "bnVsbA==",
          "dependencies": [
            "aws_iam_role.devopsshack_node_group_role"
          ]
        }
      ]
    },
    {
      "mode": "managed",
      "type": "aws_internet_gateway",
      "name": "igw",
      "provider": "provider[\"registry.terraform.io/hashicorp/aws\"]",
      "instances": [
        {
          "schema_version": 0,
          "attributes": {
            "arn": "arn:aws:ec2:us-east-1:891377073299:internet-gateway/igw-09f27e32db10e692b",
            "id": "igw-09f27e32db10e692b",
            "owner_id": "891377073299",
            "tags": {
              "Name": "dev-igw"
            },
            "tags_all": {
              "Name": "dev-igw"
            },
            "timeouts": null,
            "vpc_id": "vpc-07e7ca5f284b06df6"
          },
          "sensitive_attributes": [],
          "private": "eyJlMmJmYjczMC1lY2FhLTExZTYtOGY4OC0zNDM2M2JjN2M0YzAiOnsiY3JlYXRlIjoxMjAwMDAwMDAwMDAwLCJkZWxldGUiOjEyMDAwMDAwMDAwMDAsInVwZGF0ZSI6MTIwMDAwMDAwMDAwMH19",
          "dependencies": [
            "aws_vpc.main"
          ]
        }
      ]
    },
    {
      "mode": "managed",
      "type": "aws_key_pair",
      "name": "monitoring-server-key-pair",
      "provider": "provider[\"registry.terraform.io/hashicorp/aws\"]",
      "instances": [
        {
          "schema_version": 1,
          "attributes": {
            "arn": "arn:aws:ec2:us-east-1:891377073299:key-pair/monitoring-key-pair",
            "fingerprint": "c7:92:5c:a9:26:da:31:f3:f7:51:d1:cb:06:0f:4a:10",
            "id": "monitoring-key-pair",
            "key_name": "monitoring-key-pair",
            "key_name_prefix": "",
            "key_pair_id": "key-0a94cdcc52e98b2a1",
            "key_type": "rsa",
            "public_key": "ssh-rsa AAAAB3NzaC1yc2EAAAADAQABAAABgQChlD0r7GKOUCs8yJxKhVPrV4epo65kv7KRG6VhGuGyNwTk/NtkrlIC15lca6xBoARMnrDZ7LFH6t/KNjEcfrv4ii1jDmrU8u9f1CJ/o+YFUr0L+PffjM9Ako7cnu0+nTEI8Q9xN8r/oN2/h4DaZD6N+9dwRny9NjZ17oA6w4o/+IHULQ7LscerNH7VhjiLJ5Cf1lLvNtqbL4M5JiEMJqlZbHf0WotjPektDRV6vp9oqU6VrcusPjiw65NErFvy+25uu/6z5X89XwUNVIQjjI9jHLnR9V6eF+U7pZJ19ZvpOtRJM4q1YmkCgQuvmVCNxZeg9xcXHClLSXVcKDvkkGEsMBu0UaRbtI79YRXJr7mpiBjCL/rmfvp/qmVYV5lvZTeci4X3YlFfPynCKQyegbhe8ISBdb5j5I5qPVt2QozfZqtdtU9mXgKh+zbd5aKC6niwiscaC4sfBYZqoiC5Mm444BmGD1rmoLODznb3ayCYY5PQyyYOn2Ehc2jR6MNlDD8= sujal@laptop-s2",
            "tags": null,
            "tags_all": {}
          },
          "sensitive_attributes": [],
          "private": "eyJzY2hlbWFfdmVyc2lvbiI6IjEifQ=="
        }
      ]
    },
    {
      "mode": "managed",
      "type": "aws_route53_zone",
      "name": "backend_postgres_accounts",
      "provider": "provider[\"registry.terraform.io/hashicorp/aws\"]",
      "instances": [
        {
          "schema_version": 0,
          "attributes": {
            "arn": "arn:aws:route53:::hostedzone/Z061381139ZZK4A0TU9U",
            "comment": "Managed by Terraform",
            "delegation_set_id": "",
            "force_destroy": false,
            "id": "Z061381139ZZK4A0TU9U",
            "name": "backend.com",
            "name_servers": [
              "ns-0.awsdns-00.com.",
              "ns-1024.awsdns-00.org.",
              "ns-1536.awsdns-00.co.uk.",
              "ns-512.awsdns-00.net."
            ],
            "primary_name_server": "ns-0.awsdns-00.com.",
            "tags": null,
            "tags_all": {},
            "vpc": [
              {
                "vpc_id": "vpc-07e7ca5f284b06df6",
                "vpc_region": "us-east-1"
              }
            ],
            "zone_id": "Z061381139ZZK4A0TU9U"
          },
          "sensitive_attributes": [],
          "private": "bnVsbA==",
          "dependencies": [
            "aws_vpc.main"
          ]
        }
      ]
    },
    {
      "mode": "managed",
      "type": "aws_route53_zone",
      "name": "backend_postgres_orders",
      "provider": "provider[\"registry.terraform.io/hashicorp/aws\"]",
      "instances": [
        {
          "schema_version": 0,
          "attributes": {
            "arn": "arn:aws:route53:::hostedzone/Z089203091BG2MOTY341",
            "comment": "Managed by Terraform",
            "delegation_set_id": "",
            "force_destroy": false,
            "id": "Z089203091BG2MOTY341",
            "name": "backend.in",
            "name_servers": [
              "ns-0.awsdns-00.com.",
              "ns-1024.awsdns-00.org.",
              "ns-1536.awsdns-00.co.uk.",
              "ns-512.awsdns-00.net."
            ],
            "primary_name_server": "ns-0.awsdns-00.com.",
            "tags": null,
            "tags_all": {},
            "vpc": [
              {
                "vpc_id": "vpc-07e7ca5f284b06df6",
                "vpc_region": "us-east-1"
              }
            ],
            "zone_id": "Z089203091BG2MOTY341"
          },
          "sensitive_attributes": [],
          "private": "bnVsbA==",
          "dependencies": [
            "aws_vpc.main"
          ]
        }
      ]
    },
    {
      "mode": "managed",
      "type": "aws_route_table",
      "name": "public",
      "provider": "provider[\"registry.terraform.io/hashicorp/aws\"]",
      "instances": [
        {
          "schema_version": 0,
          "attributes": {
            "arn": "arn:aws:ec2:us-east-1:891377073299:route-table/rtb-036a80fafccf8ff92",
            "id": "rtb-036a80fafccf8ff92",
            "owner_id": "891377073299",
            "propagating_vgws": [],
            "route": [
              {
                "carrier_gateway_id": "",
                "cidr_block": "0.0.0.0/0",
                "core_network_arn": "",
                "destination_prefix_list_id": "",
                "egress_only_gateway_id": "",
                "gateway_id": "igw-09f27e32db10e692b",
                "ipv6_cidr_block": "",
                "local_gateway_id": "",
                "nat_gateway_id": "",
                "network_interface_id": "",
                "transit_gateway_id": "",
                "vpc_endpoint_id": "",
                "vpc_peering_connection_id": ""
              }
            ],
            "tags": {
              "Environment": "dev",
              "Name": "dev-public"
            },
            "tags_all": {
              "Environment": "dev",
              "Name": "dev-public"
            },
            "timeouts": null,
            "vpc_id": "vpc-07e7ca5f284b06df6"
          },
          "sensitive_attributes": [],
          "private": "eyJlMmJmYjczMC1lY2FhLTExZTYtOGY4OC0zNDM2M2JjN2M0YzAiOnsiY3JlYXRlIjozMDAwMDAwMDAwMDAsImRlbGV0ZSI6MzAwMDAwMDAwMDAwLCJ1cGRhdGUiOjEyMDAwMDAwMDAwMH19",
          "dependencies": [
            "aws_internet_gateway.igw",
            "aws_vpc.main"
          ]
        }
      ]
    },
    {
      "mode": "managed",
      "type": "aws_route_table_association",
      "name": "public_zone1",
      "provider": "provider[\"registry.terraform.io/hashicorp/aws\"]",
      "instances": [
        {
          "schema_version": 0,
          "attributes": {
            "gateway_id": "",
            "id": "rtbassoc-0ccfe7d957e0b9b94",
            "route_table_id": "rtb-036a80fafccf8ff92",
            "subnet_id": "subnet-057ecd4c2d895517d",
            "timeouts": null
          },
          "sensitive_attributes": [],
          "private": "eyJlMmJmYjczMC1lY2FhLTExZTYtOGY4OC0zNDM2M2JjN2M0YzAiOnsiY3JlYXRlIjozMDAwMDAwMDAwMDAsImRlbGV0ZSI6MzAwMDAwMDAwMDAwLCJ1cGRhdGUiOjEyMDAwMDAwMDAwMH19",
          "dependencies": [
            "aws_route_table.public",
            "aws_subnet.public-zone1"
          ]
        }
      ]
    },
    {
      "mode": "managed",
      "type": "aws_route_table_association",
      "name": "public_zone2",
      "provider": "provider[\"registry.terraform.io/hashicorp/aws\"]",
      "instances": [
        {
          "schema_version": 0,
          "attributes": {
            "gateway_id": "",
            "id": "rtbassoc-0a44e97e82d57e24c",
            "route_table_id": "rtb-036a80fafccf8ff92",
            "subnet_id": "subnet-0d382f49a258708e4",
            "timeouts": null
          },
          "sensitive_attributes": [],
          "private": "eyJlMmJmYjczMC1lY2FhLTExZTYtOGY4OC0zNDM2M2JjN2M0YzAiOnsiY3JlYXRlIjozMDAwMDAwMDAwMDAsImRlbGV0ZSI6MzAwMDAwMDAwMDAwLCJ1cGRhdGUiOjEyMDAwMDAwMDAwMH19",
          "dependencies": [
            "aws_route_table.public",
            "aws_subnet.public-zone2"
          ]
        }
      ]
    },
    {
      "mode": "managed",
      "type": "aws_security_group",
      "name": "ec2_sg",
      "provider": "provider[\"registry.terraform.io/hashicorp/aws\"]",
      "instances": [
        {
          "schema_version": 1,
          "attributes": {
            "arn": "arn:aws:ec2:us-east-1:891377073299:security-group/sg-0a3a281753f899fc2",
            "description": "Security group for EC2",
            "egress": [
              {
                "cidr_blocks": [
                  "0.0.0.0/0"
                ],
                "description": "",
                "from_port": 0,
                "ipv6_cidr_blocks": [],
                "prefix_list_ids": [],
                "protocol": "-1",
                "security_groups": [],
                "self": false,
                "to_port": 0
              }
            ],
            "id": "sg-0a3a281753f899fc2",
            "ingress": [
              {
                "cidr_blocks": [
                  "0.0.0.0/0"
                ],
                "description": "",
                "from_port": 0,
                "ipv6_cidr_blocks": [],
                "prefix_list_ids": [],
                "protocol": "-1",
                "security_groups": [],
                "self": false,
                "to_port": 0
              }
            ],
            "name": "ec2-security-group",
            "name_prefix": "",
            "owner_id": "891377073299",
            "revoke_rules_on_delete": false,
            "tags": {
              "Environment": "dev",
              "Name": "ec2-security-group"
            },
            "tags_all": {
              "Environment": "dev",
              "Name": "ec2-security-group"
            },
            "timeouts": null,
            "vpc_id": "vpc-07e7ca5f284b06df6"
          },
          "sensitive_attributes": [],
          "private": "eyJlMmJmYjczMC1lY2FhLTExZTYtOGY4OC0zNDM2M2JjN2M0YzAiOnsiY3JlYXRlIjo2MDAwMDAwMDAwMDAsImRlbGV0ZSI6OTAwMDAwMDAwMDAwfSwic2NoZW1hX3ZlcnNpb24iOiIxIn0=",
          "dependencies": [
            "aws_vpc.main"
          ]
        }
      ]
    },
    {
      "mode": "managed",
      "type": "aws_subnet",
      "name": "public-zone1",
      "provider": "provider[\"registry.terraform.io/hashicorp/aws\"]",
      "instances": [
        {
          "schema_version": 1,
          "attributes": {
            "arn": "arn:aws:ec2:us-east-1:891377073299:subnet/subnet-057ecd4c2d895517d",
            "assign_ipv6_address_on_creation": false,
            "availability_zone": "us-east-1a",
            "availability_zone_id": "use1-az6",
            "cidr_block": "10.0.0.0/19",
            "customer_owned_ipv4_pool": "",
            "enable_dns64": false,
            "enable_lni_at_device_index": 0,
            "enable_resource_name_dns_a_record_on_launch": false,
            "enable_resource_name_dns_aaaa_record_on_launch": false,
            "id": "subnet-057ecd4c2d895517d",
            "ipv6_cidr_block": "",
            "ipv6_cidr_block_association_id": "",
            "ipv6_native": false,
            "map_customer_owned_ip_on_launch": false,
            "map_public_ip_on_launch": true,
            "outpost_arn": "",
            "owner_id": "891377073299",
            "private_dns_hostname_type_on_launch": "ip-name",
            "tags": {
              "Name": "dev-public-us-east-1a"
            },
            "tags_all": {
              "Name": "dev-public-us-east-1a"
            },
            "timeouts": null,
            "vpc_id": "vpc-07e7ca5f284b06df6"
          },
          "sensitive_attributes": [],
          "private": "eyJlMmJmYjczMC1lY2FhLTExZTYtOGY4OC0zNDM2M2JjN2M0YzAiOnsiY3JlYXRlIjo2MDAwMDAwMDAwMDAsImRlbGV0ZSI6MTIwMDAwMDAwMDAwMH0sInNjaGVtYV92ZXJzaW9uIjoiMSJ9",
          "dependencies": [
            "aws_vpc.main"
          ]
        }
      ]
    },
    {
      "mode": "managed",
      "type": "aws_subnet",
      "name": "public-zone2",
      "provider": "provider[\"registry.terraform.io/hashicorp/aws\"]",
      "instances": [
        {
          "schema_version": 1,
          "attributes": {
            "arn": "arn:aws:ec2:us-east-1:891377073299:subnet/subnet-0d382f49a258708e4",
            "assign_ipv6_address_on_creation": false,
            "availability_zone": "us-east-1b",
            "availability_zone_id": "use1-az1",
            "cidr_block": "10.0.32.0/19",
            "customer_owned_ipv4_pool": "",
            "enable_dns64": false,
            "enable_lni_at_device_index": 0,
            "enable_resource_name_dns_a_record_on_launch": false,
            "enable_resource_name_dns_aaaa_record_on_launch": false,
            "id": "subnet-0d382f49a258708e4",
            "ipv6_cidr_block": "",
            "ipv6_cidr_block_association_id": "",
            "ipv6_native": false,
            "map_customer_owned_ip_on_launch": false,
            "map_public_ip_on_launch": true,
            "outpost_arn": "",
            "owner_id": "891377073299",
            "private_dns_hostname_type_on_launch": "ip-name",
            "tags": {
              "Name": "dev-public-subnet-2"
            },
            "tags_all": {
              "Name": "dev-public-subnet-2"
            },
            "timeouts": null,
            "vpc_id": "vpc-07e7ca5f284b06df6"
          },
          "sensitive_attributes": [],
          "private": "eyJlMmJmYjczMC1lY2FhLTExZTYtOGY4OC0zNDM2M2JjN2M0YzAiOnsiY3JlYXRlIjo2MDAwMDAwMDAwMDAsImRlbGV0ZSI6MTIwMDAwMDAwMDAwMH0sInNjaGVtYV92ZXJzaW9uIjoiMSJ9",
          "dependencies": [
            "aws_vpc.main"
          ]
        }
      ]
    },
    {
      "mode": "managed",
      "type": "aws_vpc",
      "name": "main",
      "provider": "provider[\"registry.terraform.io/hashicorp/aws\"]",
      "instances": [
        {
          "schema_version": 1,
          "attributes": {
            "arn": "arn:aws:ec2:us-east-1:891377073299:vpc/vpc-07e7ca5f284b06df6",
            "assign_generated_ipv6_cidr_block": false,
            "cidr_block": "10.0.0.0/16",
            "default_network_acl_id": "acl-0cbfda597e6bc8fe0",
            "default_route_table_id": "rtb-03dd98781e9cb3049",
            "default_security_group_id": "sg-016d267305811ffa4",
            "dhcp_options_id": "dopt-0d67fd26b8bca2395",
            "enable_dns_hostnames": true,
            "enable_dns_support": true,
            "enable_network_address_usage_metrics": false,
            "id": "vpc-07e7ca5f284b06df6",
            "instance_tenancy": "default",
            "ipv4_ipam_pool_id": null,
            "ipv4_netmask_length": null,
            "ipv6_association_id": "",
            "ipv6_cidr_block": "",
            "ipv6_cidr_block_network_border_group": "",
            "ipv6_ipam_pool_id": "",
            "ipv6_netmask_length": 0,
            "main_route_table_id": "rtb-03dd98781e9cb3049",
            "owner_id": "891377073299",
            "tags": {
              "Name": "dev"
            },
            "tags_all": {
              "Name": "dev"
            }
          },
          "sensitive_attributes": [],
          "private": "eyJzY2hlbWFfdmVyc2lvbiI6IjEifQ=="
        }
      ]
    }
  ],
  "check_results": null
}
