{
  "version": 4,
  "terraform_version": "1.11.0",
  "serial": 63,
  "lineage": "f55d5d52-2e00-f1fc-4c5b-12f5bc72b038",
  "outputs": {},
  "resources": [
    {
      "mode": "managed",
      "type": "aws_autoscaling_group",
      "name": "ElasticSearch_asg",
      "provider": "provider[\"registry.terraform.io/hashicorp/aws\"]",
      "instances": [
        {
          "schema_version": 1,
          "attributes": {
            "arn": "arn:aws:autoscaling:us-east-1:637423569811:autoScalingGroup:1240392b-9a96-40c6-9551-fc2395b2756b:autoScalingGroupName/terraform-20241225070014688400000013",
            "availability_zones": [
              "us-east-1a",
              "us-east-1b"
            ],
            "capacity_rebalance": false,
            "context": "",
            "default_cooldown": 300,
            "default_instance_warmup": 0,
            "desired_capacity": 1,
            "desired_capacity_type": "",
            "enabled_metrics": [],
            "force_delete": false,
            "force_delete_warm_pool": false,
            "health_check_grace_period": 300,
            "health_check_type": "EC2",
            "id": "terraform-20241225070014688400000013",
            "ignore_failed_scaling_activities": false,
            "initial_lifecycle_hook": [],
            "instance_maintenance_policy": [],
            "instance_refresh": [],
            "launch_configuration": "",
            "launch_template": [
              {
                "id": "lt-0e4f3e4b2e37e91c0",
                "name": "ElasticSearch-launch-template20241225070013007100000010",
                "version": "$Latest"
              }
            ],
            "load_balancers": [],
            "max_instance_lifetime": 0,
            "max_size": 2,
            "metrics_granularity": "1Minute",
            "min_elb_capacity": null,
            "min_size": 1,
            "mixed_instances_policy": [],
            "name": "terraform-20241225070014688400000013",
            "name_prefix": "terraform-",
            "placement_group": "",
            "predicted_capacity": 0,
            "protect_from_scale_in": false,
            "service_linked_role_arn": "arn:aws:iam::637423569811:role/aws-service-role/autoscaling.amazonaws.com/AWSServiceRoleForAutoScaling",
            "suspended_processes": [],
            "tag": [
              {
                "key": "Environment",
                "propagate_at_launch": true,
                "value": "dev"
              },
              {
                "key": "Name",
                "propagate_at_launch": true,
                "value": "elasticSearch ASG"
              }
            ],
            "target_group_arns": [
              "arn:aws:elasticloadbalancing:us-east-1:637423569811:targetgroup/ElasticSearch-service-tg/d200bfa6edecbc38"
            ],
            "termination_policies": [],
            "timeouts": null,
            "traffic_source": [
              {
                "identifier": "arn:aws:elasticloadbalancing:us-east-1:637423569811:targetgroup/ElasticSearch-service-tg/d200bfa6edecbc38",
                "type": "elbv2"
              }
            ],
            "vpc_zone_identifier": [
              "subnet-00478c18021a58fb4",
              "subnet-057cbeee66e4b1e6c"
            ],
            "wait_for_capacity_timeout": "10m",
            "wait_for_elb_capacity": null,
            "warm_pool": [],
            "warm_pool_size": 0
          },
          "sensitive_attributes": [],
          "private": "eyJlMmJmYjczMC1lY2FhLTExZTYtOGY4OC0zNDM2M2JjN2M0YzAiOnsiZGVsZXRlIjo2MDAwMDAwMDAwMDAsInVwZGF0ZSI6NjAwMDAwMDAwMDAwfSwic2NoZW1hX3ZlcnNpb24iOiIxIn0=",
          "dependencies": [
            "aws_launch_template.ElasticSearch_launch_template",
            "aws_lb_target_group.ElasticSearch_service_tg",
            "aws_subnet.public-zone1",
            "aws_subnet.public-zone2"
          ]
        }
      ]
    },
    {
      "mode": "managed",
      "type": "aws_autoscaling_group",
      "name": "accounts_asg",
      "provider": "provider[\"registry.terraform.io/hashicorp/aws\"]",
      "instances": [
        {
          "schema_version": 1,
          "attributes": {
            "arn": "arn:aws:autoscaling:us-east-1:637423569811:autoScalingGroup:54d24b58-f488-4226-9c0c-d4b204c259f7:autoScalingGroupName/terraform-20241225070014688400000012",
            "availability_zones": [
              "us-east-1a",
              "us-east-1b"
            ],
            "capacity_rebalance": false,
            "context": "",
            "default_cooldown": 300,
            "default_instance_warmup": 0,
            "desired_capacity": 1,
            "desired_capacity_type": "",
            "enabled_metrics": [],
            "force_delete": false,
            "force_delete_warm_pool": false,
            "health_check_grace_period": 300,
            "health_check_type": "EC2",
            "id": "terraform-20241225070014688400000012",
            "ignore_failed_scaling_activities": false,
            "initial_lifecycle_hook": [],
            "instance_maintenance_policy": [],
            "instance_refresh": [],
            "launch_configuration": "",
            "launch_template": [
              {
                "id": "lt-0971ad34da79438d4",
                "name": "accounts-launch-template2024122507001300370000000e",
                "version": "$Latest"
              }
            ],
            "load_balancers": [],
            "max_instance_lifetime": 0,
            "max_size": 2,
            "metrics_granularity": "1Minute",
            "min_elb_capacity": null,
            "min_size": 1,
            "mixed_instances_policy": [],
            "name": "terraform-20241225070014688400000012",
            "name_prefix": "terraform-",
            "placement_group": "",
            "predicted_capacity": 0,
            "protect_from_scale_in": false,
            "service_linked_role_arn": "arn:aws:iam::637423569811:role/aws-service-role/autoscaling.amazonaws.com/AWSServiceRoleForAutoScaling",
            "suspended_processes": [],
            "tag": [
              {
                "key": "Environment",
                "propagate_at_launch": true,
                "value": "dev"
              },
              {
                "key": "Name",
                "propagate_at_launch": true,
                "value": "accounts ASG"
              }
            ],
            "target_group_arns": [
              "arn:aws:elasticloadbalancing:us-east-1:637423569811:targetgroup/accounts-service-tg/cae6986422fbf39e"
            ],
            "termination_policies": [],
            "timeouts": null,
            "traffic_source": [
              {
                "identifier": "arn:aws:elasticloadbalancing:us-east-1:637423569811:targetgroup/accounts-service-tg/cae6986422fbf39e",
                "type": "elbv2"
              }
            ],
            "vpc_zone_identifier": [
              "subnet-00478c18021a58fb4",
              "subnet-057cbeee66e4b1e6c"
            ],
            "wait_for_capacity_timeout": "10m",
            "wait_for_elb_capacity": null,
            "warm_pool": [],
            "warm_pool_size": 0
          },
          "sensitive_attributes": [],
          "private": "eyJlMmJmYjczMC1lY2FhLTExZTYtOGY4OC0zNDM2M2JjN2M0YzAiOnsiZGVsZXRlIjo2MDAwMDAwMDAwMDAsInVwZGF0ZSI6NjAwMDAwMDAwMDAwfSwic2NoZW1hX3ZlcnNpb24iOiIxIn0=",
          "dependencies": [
            "aws_launch_template.accounts_launch_template",
            "aws_lb_target_group.accounts_service_tg",
            "aws_subnet.public-zone1",
            "aws_subnet.public-zone2"
          ],
          "create_before_destroy": true
        }
      ]
    },
    {
      "mode": "managed",
      "type": "aws_autoscaling_group",
      "name": "catalog_asg",
      "provider": "provider[\"registry.terraform.io/hashicorp/aws\"]",
      "instances": [
        {
          "schema_version": 1,
          "attributes": {
            "arn": "arn:aws:autoscaling:us-east-1:637423569811:autoScalingGroup:4f4e49a0-a633-480a-8a5e-8f1af793cf82:autoScalingGroupName/terraform-20241225070015007800000016",
            "availability_zones": [
              "us-east-1a",
              "us-east-1b"
            ],
            "capacity_rebalance": false,
            "context": "",
            "default_cooldown": 300,
            "default_instance_warmup": 0,
            "desired_capacity": 1,
            "desired_capacity_type": "",
            "enabled_metrics": [],
            "force_delete": false,
            "force_delete_warm_pool": false,
            "health_check_grace_period": 300,
            "health_check_type": "EC2",
            "id": "terraform-20241225070015007800000016",
            "ignore_failed_scaling_activities": false,
            "initial_lifecycle_hook": [],
            "instance_maintenance_policy": [],
            "instance_refresh": [],
            "launch_configuration": "",
            "launch_template": [
              {
                "id": "lt-081a8a68f01e4dcbb",
                "name": "catalog-launch-template2024122507001298940000000a",
                "version": "$Latest"
              }
            ],
            "load_balancers": [],
            "max_instance_lifetime": 0,
            "max_size": 2,
            "metrics_granularity": "1Minute",
            "min_elb_capacity": null,
            "min_size": 1,
            "mixed_instances_policy": [],
            "name": "terraform-20241225070015007800000016",
            "name_prefix": "terraform-",
            "placement_group": "",
            "predicted_capacity": 0,
            "protect_from_scale_in": false,
            "service_linked_role_arn": "arn:aws:iam::637423569811:role/aws-service-role/autoscaling.amazonaws.com/AWSServiceRoleForAutoScaling",
            "suspended_processes": [],
            "tag": [
              {
                "key": "Environment",
                "propagate_at_launch": true,
                "value": "dev"
              },
              {
                "key": "Name",
                "propagate_at_launch": true,
                "value": "catalog ASG"
              }
            ],
            "target_group_arns": [
              "arn:aws:elasticloadbalancing:us-east-1:637423569811:targetgroup/catalog-service-tg/70a0f9264578fe6a"
            ],
            "termination_policies": [],
            "timeouts": null,
            "traffic_source": [
              {
                "identifier": "arn:aws:elasticloadbalancing:us-east-1:637423569811:targetgroup/catalog-service-tg/70a0f9264578fe6a",
                "type": "elbv2"
              }
            ],
            "vpc_zone_identifier": [
              "subnet-00478c18021a58fb4",
              "subnet-057cbeee66e4b1e6c"
            ],
            "wait_for_capacity_timeout": "10m",
            "wait_for_elb_capacity": null,
            "warm_pool": [],
            "warm_pool_size": 0
          },
          "sensitive_attributes": [],
          "private": "eyJlMmJmYjczMC1lY2FhLTExZTYtOGY4OC0zNDM2M2JjN2M0YzAiOnsiZGVsZXRlIjo2MDAwMDAwMDAwMDAsInVwZGF0ZSI6NjAwMDAwMDAwMDAwfSwic2NoZW1hX3ZlcnNpb24iOiIxIn0=",
          "dependencies": [
            "aws_launch_template.catalog_launch_template",
            "aws_lb_target_group.catalog_service_tg",
            "aws_subnet.public-zone1",
            "aws_subnet.public-zone2"
          ]
        }
      ]
    },
    {
      "mode": "managed",
      "type": "aws_autoscaling_group",
      "name": "graphql_asg",
      "provider": "provider[\"registry.terraform.io/hashicorp/aws\"]",
      "instances": [
        {
          "schema_version": 1,
          "attributes": {
            "arn": "arn:aws:autoscaling:us-east-1:637423569811:autoScalingGroup:725b9a77-9e6b-47f7-9836-977a58245f97:autoScalingGroupName/terraform-20241225070014997000000015",
            "availability_zones": [
              "us-east-1a",
              "us-east-1b"
            ],
            "capacity_rebalance": false,
            "context": "",
            "default_cooldown": 300,
            "default_instance_warmup": 0,
            "desired_capacity": 1,
            "desired_capacity_type": "",
            "enabled_metrics": [],
            "force_delete": false,
            "force_delete_warm_pool": false,
            "health_check_grace_period": 300,
            "health_check_type": "EC2",
            "id": "terraform-20241225070014997000000015",
            "ignore_failed_scaling_activities": false,
            "initial_lifecycle_hook": [],
            "instance_maintenance_policy": [],
            "instance_refresh": [],
            "launch_configuration": "",
            "launch_template": [
              {
                "id": "lt-05025ba06ccdc88af",
                "name": "graphql-launch-template2024122507001300170000000c",
                "version": "$Latest"
              }
            ],
            "load_balancers": [],
            "max_instance_lifetime": 0,
            "max_size": 2,
            "metrics_granularity": "1Minute",
            "min_elb_capacity": null,
            "min_size": 1,
            "mixed_instances_policy": [],
            "name": "terraform-20241225070014997000000015",
            "name_prefix": "terraform-",
            "placement_group": "",
            "predicted_capacity": 0,
            "protect_from_scale_in": false,
            "service_linked_role_arn": "arn:aws:iam::637423569811:role/aws-service-role/autoscaling.amazonaws.com/AWSServiceRoleForAutoScaling",
            "suspended_processes": [],
            "tag": [
              {
                "key": "Environment",
                "propagate_at_launch": true,
                "value": "dev"
              },
              {
                "key": "Name",
                "propagate_at_launch": true,
                "value": "graphql ASG"
              }
            ],
            "target_group_arns": [
              "arn:aws:elasticloadbalancing:us-east-1:637423569811:targetgroup/graphql-service-tg/19e4e3591e78debc"
            ],
            "termination_policies": [],
            "timeouts": null,
            "traffic_source": [
              {
                "identifier": "arn:aws:elasticloadbalancing:us-east-1:637423569811:targetgroup/graphql-service-tg/19e4e3591e78debc",
                "type": "elbv2"
              }
            ],
            "vpc_zone_identifier": [
              "subnet-00478c18021a58fb4",
              "subnet-057cbeee66e4b1e6c"
            ],
            "wait_for_capacity_timeout": "10m",
            "wait_for_elb_capacity": null,
            "warm_pool": [],
            "warm_pool_size": 0
          },
          "sensitive_attributes": [],
          "private": "eyJlMmJmYjczMC1lY2FhLTExZTYtOGY4OC0zNDM2M2JjN2M0YzAiOnsiZGVsZXRlIjo2MDAwMDAwMDAwMDAsInVwZGF0ZSI6NjAwMDAwMDAwMDAwfSwic2NoZW1hX3ZlcnNpb24iOiIxIn0=",
          "dependencies": [
            "aws_launch_template.graphql_launch_template",
            "aws_lb_target_group.graphql_service_tg",
            "aws_subnet.public-zone1",
            "aws_subnet.public-zone2"
          ]
        }
      ]
    },
    {
      "mode": "managed",
      "type": "aws_autoscaling_group",
      "name": "orders_asg",
      "provider": "provider[\"registry.terraform.io/hashicorp/aws\"]",
      "instances": [
        {
          "schema_version": 1,
          "attributes": {
            "arn": "arn:aws:autoscaling:us-east-1:637423569811:autoScalingGroup:858e2cf6-4195-448c-b814-0edd8f064d37:autoScalingGroupName/terraform-20241225070014705500000014",
            "availability_zones": [
              "us-east-1a",
              "us-east-1b"
            ],
            "capacity_rebalance": false,
            "context": "",
            "default_cooldown": 300,
            "default_instance_warmup": 0,
            "desired_capacity": 1,
            "desired_capacity_type": "",
            "enabled_metrics": [],
            "force_delete": false,
            "force_delete_warm_pool": false,
            "health_check_grace_period": 300,
            "health_check_type": "EC2",
            "id": "terraform-20241225070014705500000014",
            "ignore_failed_scaling_activities": false,
            "initial_lifecycle_hook": [],
            "instance_maintenance_policy": [],
            "instance_refresh": [],
            "launch_configuration": "",
            "launch_template": [
              {
                "id": "lt-0425e5f033ff310f9",
                "name": "orders-launch-template20241225070012986900000008",
                "version": "$Latest"
              }
            ],
            "load_balancers": [],
            "max_instance_lifetime": 0,
            "max_size": 2,
            "metrics_granularity": "1Minute",
            "min_elb_capacity": null,
            "min_size": 1,
            "mixed_instances_policy": [],
            "name": "terraform-20241225070014705500000014",
            "name_prefix": "terraform-",
            "placement_group": "",
            "predicted_capacity": 0,
            "protect_from_scale_in": false,
            "service_linked_role_arn": "arn:aws:iam::637423569811:role/aws-service-role/autoscaling.amazonaws.com/AWSServiceRoleForAutoScaling",
            "suspended_processes": [],
            "tag": [
              {
                "key": "Environment",
                "propagate_at_launch": true,
                "value": "dev"
              },
              {
                "key": "Name",
                "propagate_at_launch": true,
                "value": "orders ASG"
              }
            ],
            "target_group_arns": [
              "arn:aws:elasticloadbalancing:us-east-1:637423569811:targetgroup/orders-service-tg/544924701c53cea8"
            ],
            "termination_policies": [],
            "timeouts": null,
            "traffic_source": [
              {
                "identifier": "arn:aws:elasticloadbalancing:us-east-1:637423569811:targetgroup/orders-service-tg/544924701c53cea8",
                "type": "elbv2"
              }
            ],
            "vpc_zone_identifier": [
              "subnet-00478c18021a58fb4",
              "subnet-057cbeee66e4b1e6c"
            ],
            "wait_for_capacity_timeout": "10m",
            "wait_for_elb_capacity": null,
            "warm_pool": [],
            "warm_pool_size": 0
          },
          "sensitive_attributes": [],
          "private": "eyJlMmJmYjczMC1lY2FhLTExZTYtOGY4OC0zNDM2M2JjN2M0YzAiOnsiZGVsZXRlIjo2MDAwMDAwMDAwMDAsInVwZGF0ZSI6NjAwMDAwMDAwMDAwfSwic2NoZW1hX3ZlcnNpb24iOiIxIn0=",
          "dependencies": [
            "aws_launch_template.orders_launch_template",
            "aws_lb_target_group.orders_service_tg",
            "aws_subnet.public-zone1",
            "aws_subnet.public-zone2"
          ]
        }
      ]
    },
    {
      "mode": "managed",
      "type": "aws_db_instance",
      "name": "postgres-accounts",
      "provider": "provider[\"registry.terraform.io/hashicorp/aws\"]",
      "instances": [
        {
          "schema_version": 2,
          "attributes": {
            "address": "postgres-accounts.c926uqkoqnl2.us-east-1.rds.amazonaws.com",
            "allocated_storage": 20,
            "allow_major_version_upgrade": null,
            "apply_immediately": false,
            "arn": "arn:aws:rds:us-east-1:637423569811:db:postgres-accounts",
            "auto_minor_version_upgrade": true,
            "availability_zone": "us-east-1a",
            "backup_retention_period": 7,
            "backup_target": "region",
            "backup_window": "04:24-04:54",
            "blue_green_update": [],
            "ca_cert_identifier": "rds-ca-rsa2048-g1",
            "character_set_name": "",
            "copy_tags_to_snapshot": false,
            "custom_iam_instance_profile": "",
            "customer_owned_ip_enabled": false,
            "db_name": "",
            "db_subnet_group_name": "postgres-rds",
            "dedicated_log_volume": false,
            "delete_automated_backups": true,
            "deletion_protection": false,
            "domain": "",
            "domain_auth_secret_arn": "",
            "domain_dns_ips": [],
            "domain_fqdn": "",
            "domain_iam_role_name": "",
            "domain_ou": "",
            "enabled_cloudwatch_logs_exports": [],
            "endpoint": "postgres-accounts.c926uqkoqnl2.us-east-1.rds.amazonaws.com:5432",
            "engine": "postgres",
            "engine_version": "16.3",
            "engine_version_actual": "16.3",
            "final_snapshot_identifier": null,
            "hosted_zone_id": "Z2R2ITUGPM61AM",
            "iam_database_authentication_enabled": false,
            "id": "db-HLDJLK573YZEDR3O34YKP5XROU",
            "identifier": "postgres-accounts",
            "identifier_prefix": "",
            "instance_class": "db.t4g.micro",
            "iops": 0,
            "kms_key_id": "",
            "latest_restorable_time": "2024-12-25T08:54:53Z",
            "license_model": "postgresql-license",
            "listener_endpoint": [],
            "maintenance_window": "tue:05:27-tue:05:57",
            "manage_master_user_password": null,
            "master_user_secret": [],
            "master_user_secret_kms_key_id": null,
            "max_allocated_storage": 0,
            "monitoring_interval": 0,
            "monitoring_role_arn": "",
            "multi_az": false,
            "nchar_character_set_name": "",
            "network_type": "IPV4",
            "option_group_name": "default:postgres-16",
            "parameter_group_name": "default.postgres16",
            "password": "postgres",
            "performance_insights_enabled": false,
            "performance_insights_kms_key_id": "",
            "performance_insights_retention_period": 0,
            "port": 5432,
            "publicly_accessible": false,
            "replica_mode": "",
            "replicas": [],
            "replicate_source_db": "",
            "resource_id": "db-HLDJLK573YZEDR3O34YKP5XROU",
            "restore_to_point_in_time": [],
            "s3_import": [],
            "skip_final_snapshot": false,
            "snapshot_identifier": null,
            "status": "available",
            "storage_encrypted": false,
            "storage_throughput": 0,
            "storage_type": "gp2",
            "tags": {
              "Environment": "dev",
              "Name": "postgres-instance"
            },
            "tags_all": {
              "Environment": "dev",
              "Name": "postgres-instance"
            },
            "timeouts": null,
            "timezone": "",
            "username": "postgres",
            "vpc_security_group_ids": [
              "sg-0c83a46c6850ec6be"
            ]
          },
          "sensitive_attributes": [
            [
              {
                "type": "get_attr",
                "value": "password"
              }
            ]
          ],
          "private": "eyJlMmJmYjczMC1lY2FhLTExZTYtOGY4OC0zNDM2M2JjN2M0YzAiOnsiY3JlYXRlIjoyNDAwMDAwMDAwMDAwLCJkZWxldGUiOjM2MDAwMDAwMDAwMDAsInVwZGF0ZSI6NDgwMDAwMDAwMDAwMH0sInNjaGVtYV92ZXJzaW9uIjoiMiJ9",
          "dependencies": [
            "aws_db_subnet_group.postgres-rds",
            "aws_security_group.ec2_sg"
          ],
          "create_before_destroy": true
        }
      ]
    },
    {
      "mode": "managed",
      "type": "aws_db_instance",
      "name": "postgres-orders",
      "provider": "provider[\"registry.terraform.io/hashicorp/aws\"]",
      "instances": [
        {
          "schema_version": 2,
          "attributes": {
            "address": "postgres-orders.c926uqkoqnl2.us-east-1.rds.amazonaws.com",
            "allocated_storage": 20,
            "allow_major_version_upgrade": null,
            "apply_immediately": false,
            "arn": "arn:aws:rds:us-east-1:637423569811:db:postgres-orders",
            "auto_minor_version_upgrade": true,
            "availability_zone": "us-east-1b",
            "backup_retention_period": 7,
            "backup_target": "region",
            "backup_window": "09:51-10:21",
            "blue_green_update": [],
            "ca_cert_identifier": "rds-ca-rsa2048-g1",
            "character_set_name": "",
            "copy_tags_to_snapshot": false,
            "custom_iam_instance_profile": "",
            "customer_owned_ip_enabled": false,
            "db_name": "",
            "db_subnet_group_name": "postgres-rds",
            "dedicated_log_volume": false,
            "delete_automated_backups": true,
            "deletion_protection": false,
            "domain": "",
            "domain_auth_secret_arn": "",
            "domain_dns_ips": [],
            "domain_fqdn": "",
            "domain_iam_role_name": "",
            "domain_ou": "",
            "enabled_cloudwatch_logs_exports": [],
            "endpoint": "postgres-orders.c926uqkoqnl2.us-east-1.rds.amazonaws.com:5432",
            "engine": "postgres",
            "engine_version": "16.3",
            "engine_version_actual": "16.3",
            "final_snapshot_identifier": null,
            "hosted_zone_id": "Z2R2ITUGPM61AM",
            "iam_database_authentication_enabled": false,
            "id": "db-5A5LT66MYV4UPTUGK7VTB26D5Y",
            "identifier": "postgres-orders",
            "identifier_prefix": "",
            "instance_class": "db.t4g.micro",
            "iops": 0,
            "kms_key_id": "",
            "latest_restorable_time": "2024-12-25T08:55:53Z",
            "license_model": "postgresql-license",
            "listener_endpoint": [],
            "maintenance_window": "fri:05:14-fri:05:44",
            "manage_master_user_password": null,
            "master_user_secret": [],
            "master_user_secret_kms_key_id": null,
            "max_allocated_storage": 0,
            "monitoring_interval": 0,
            "monitoring_role_arn": "",
            "multi_az": false,
            "nchar_character_set_name": "",
            "network_type": "IPV4",
            "option_group_name": "default:postgres-16",
            "parameter_group_name": "default.postgres16",
            "password": "postgres",
            "performance_insights_enabled": false,
            "performance_insights_kms_key_id": "",
            "performance_insights_retention_period": 0,
            "port": 5432,
            "publicly_accessible": false,
            "replica_mode": "",
            "replicas": [],
            "replicate_source_db": "",
            "resource_id": "db-5A5LT66MYV4UPTUGK7VTB26D5Y",
            "restore_to_point_in_time": [],
            "s3_import": [],
            "skip_final_snapshot": false,
            "snapshot_identifier": null,
            "status": "available",
            "storage_encrypted": false,
            "storage_throughput": 0,
            "storage_type": "gp2",
            "tags": {
              "Environment": "dev",
              "Name": "postgres-instance"
            },
            "tags_all": {
              "Environment": "dev",
              "Name": "postgres-instance"
            },
            "timeouts": null,
            "timezone": "",
            "username": "postgres",
            "vpc_security_group_ids": [
              "sg-0c83a46c6850ec6be"
            ]
          },
          "sensitive_attributes": [
            [
              {
                "type": "get_attr",
                "value": "password"
              }
            ]
          ],
          "private": "eyJlMmJmYjczMC1lY2FhLTExZTYtOGY4OC0zNDM2M2JjN2M0YzAiOnsiY3JlYXRlIjoyNDAwMDAwMDAwMDAwLCJkZWxldGUiOjM2MDAwMDAwMDAwMDAsInVwZGF0ZSI6NDgwMDAwMDAwMDAwMH0sInNjaGVtYV92ZXJzaW9uIjoiMiJ9",
          "dependencies": [
            "aws_db_subnet_group.postgres-rds",
            "aws_security_group.ec2_sg"
          ],
          "create_before_destroy": true
        }
      ]
    },
    {
      "mode": "managed",
      "type": "aws_db_subnet_group",
      "name": "postgres-rds",
      "provider": "provider[\"registry.terraform.io/hashicorp/aws\"]",
      "instances": [
        {
          "schema_version": 0,
          "attributes": {
            "arn": "arn:aws:rds:us-east-1:637423569811:subgrp:postgres-rds",
            "description": "Managed by Terraform",
            "id": "postgres-rds",
            "name": "postgres-rds",
            "name_prefix": "",
            "subnet_ids": [
              "subnet-00478c18021a58fb4",
              "subnet-057cbeee66e4b1e6c"
            ],
            "supported_network_types": [
              "IPV4"
            ],
            "tags": {
              "Environment": "dev",
              "Name": "postgres-rds"
            },
            "tags_all": {
              "Environment": "dev",
              "Name": "postgres-rds"
            },
            "vpc_id": "vpc-0ee1095c8645caad0"
          },
          "sensitive_attributes": [],
          "private": "bnVsbA==",
          "dependencies": [
            "aws_subnet.public-zone1",
            "aws_subnet.public-zone2"
          ],
          "create_before_destroy": true
        }
      ]
    },
    {
      "mode": "managed",
      "type": "aws_internet_gateway",
      "name": "igw",
      "provider": "provider[\"registry.terraform.io/hashicorp/aws\"]",
      "instances": [
        {
          "schema_version": 0,
          "attributes": {
            "arn": "arn:aws:ec2:us-east-1:637423569811:internet-gateway/igw-0cbbb0b57c886305b",
            "id": "igw-0cbbb0b57c886305b",
            "owner_id": "637423569811",
            "tags": {
              "Name": "dev-igw"
            },
            "tags_all": {
              "Name": "dev-igw"
            },
            "timeouts": null,
            "vpc_id": "vpc-0ee1095c8645caad0"
          },
          "sensitive_attributes": [],
          "private": "eyJlMmJmYjczMC1lY2FhLTExZTYtOGY4OC0zNDM2M2JjN2M0YzAiOnsiY3JlYXRlIjoxMjAwMDAwMDAwMDAwLCJkZWxldGUiOjEyMDAwMDAwMDAwMDAsInVwZGF0ZSI6MTIwMDAwMDAwMDAwMH19",
          "dependencies": [
            "aws_vpc.main"
          ]
        }
      ]
    },
    {
      "mode": "managed",
      "type": "aws_key_pair",
      "name": "monitoring-server-key-pair",
      "provider": "provider[\"registry.terraform.io/hashicorp/aws\"]",
      "instances": [
        {
          "schema_version": 1,
          "attributes": {
            "arn": "arn:aws:ec2:us-east-1:637423569811:key-pair/monitoring-key-pair",
            "fingerprint": "c7:92:5c:a9:26:da:31:f3:f7:51:d1:cb:06:0f:4a:10",
            "id": "monitoring-key-pair",
            "key_name": "monitoring-key-pair",
            "key_name_prefix": "",
            "key_pair_id": "key-09c78ea6ad7f753e9",
            "key_type": "rsa",
            "public_key": "ssh-rsa AAAAB3NzaC1yc2EAAAADAQABAAABgQChlD0r7GKOUCs8yJxKhVPrV4epo65kv7KRG6VhGuGyNwTk/NtkrlIC15lca6xBoARMnrDZ7LFH6t/KNjEcfrv4ii1jDmrU8u9f1CJ/o+YFUr0L+PffjM9Ako7cnu0+nTEI8Q9xN8r/oN2/h4DaZD6N+9dwRny9NjZ17oA6w4o/+IHULQ7LscerNH7VhjiLJ5Cf1lLvNtqbL4M5JiEMJqlZbHf0WotjPektDRV6vp9oqU6VrcusPjiw65NErFvy+25uu/6z5X89XwUNVIQjjI9jHLnR9V6eF+U7pZJ19ZvpOtRJM4q1YmkCgQuvmVCNxZeg9xcXHClLSXVcKDvkkGEsMBu0UaRbtI79YRXJr7mpiBjCL/rmfvp/qmVYV5lvZTeci4X3YlFfPynCKQyegbhe8ISBdb5j5I5qPVt2QozfZqtdtU9mXgKh+zbd5aKC6niwiscaC4sfBYZqoiC5Mm444BmGD1rmoLODznb3ayCYY5PQyyYOn2Ehc2jR6MNlDD8= sujal@laptop-s2",
            "tags": {},
            "tags_all": {}
          },
          "sensitive_attributes": [],
          "private": "eyJzY2hlbWFfdmVyc2lvbiI6IjEifQ=="
        }
      ]
    },
    {
      "mode": "managed",
      "type": "aws_launch_template",
      "name": "ElasticSearch_launch_template",
      "provider": "provider[\"registry.terraform.io/hashicorp/aws\"]",
      "instances": [
        {
          "schema_version": 0,
          "attributes": {
            "arn": "arn:aws:ec2:us-east-1:637423569811:launch-template/lt-0e4f3e4b2e37e91c0",
            "block_device_mappings": [
              {
                "device_name": "/dev/sda1",
                "ebs": [
                  {
                    "delete_on_termination": "",
                    "encrypted": "",
                    "iops": 0,
                    "kms_key_id": "",
                    "snapshot_id": "",
                    "throughput": 0,
                    "volume_size": 30,
                    "volume_type": "gp3"
                  }
                ],
                "no_device": "",
                "virtual_name": ""
              }
            ],
            "capacity_reservation_specification": [],
            "cpu_options": [],
            "credit_specification": [],
            "default_version": 1,
            "description": "",
            "disable_api_stop": false,
            "disable_api_termination": false,
            "ebs_optimized": "",
            "elastic_gpu_specifications": [],
            "elastic_inference_accelerator": [],
            "enclave_options": [],
            "hibernation_options": [],
            "iam_instance_profile": [],
            "id": "lt-0e4f3e4b2e37e91c0",
            "image_id": "ami-0866a3c8686eaeeba",
            "instance_initiated_shutdown_behavior": "",
            "instance_market_options": [],
            "instance_requirements": [],
            "instance_type": "t3.medium",
            "kernel_id": "",
            "key_name": "",
            "latest_version": 1,
            "license_specification": [],
            "maintenance_options": [],
            "metadata_options": [],
            "monitoring": [],
            "name": "ElasticSearch-launch-template20241225070013007100000010",
            "name_prefix": "ElasticSearch-launch-template",
            "network_interfaces": [
              {
                "associate_carrier_ip_address": "",
                "associate_public_ip_address": "true",
                "delete_on_termination": "",
                "description": "",
                "device_index": 0,
                "interface_type": "",
                "ipv4_address_count": 0,
                "ipv4_addresses": [],
                "ipv4_prefix_count": 0,
                "ipv4_prefixes": [],
                "ipv6_address_count": 0,
                "ipv6_addresses": [],
                "ipv6_prefix_count": 0,
                "ipv6_prefixes": [],
                "network_card_index": 0,
                "network_interface_id": "",
                "private_ip_address": "",
                "security_groups": [
                  "sg-0c83a46c6850ec6be"
                ],
                "subnet_id": ""
              }
            ],
            "placement": [],
            "private_dns_name_options": [],
            "ram_disk_id": "",
            "security_group_names": [],
            "tag_specifications": [],
            "tags": {
              "Environment": "dev",
              "Name": "ElasticSearch Launch Template"
            },
            "tags_all": {
              "Environment": "dev",
              "Name": "ElasticSearch Launch Template"
            },
            "update_default_version": null,
            "user_data": "IyEvYmluL2Jhc2gKCiMgVXBkYXRlIGFuZCBpbnN0YWxsIGVzc2VudGlhbCB0b29scwplY2hvICJVcGRhdGluZyBzeXN0ZW0gYW5kIGluc3RhbGxpbmcgcHJlcmVxdWlzaXRlcy4uLiIKYXB0LWdldCB1cGRhdGUgLXkgJiYgYXB0LWdldCB1cGdyYWRlIC15CmFwdC1nZXQgaW5zdGFsbCAteSBhcHQtdHJhbnNwb3J0LWh0dHBzIGNhLWNlcnRpZmljYXRlcyBjdXJsIHNvZnR3YXJlLXByb3BlcnRpZXMtY29tbW9uIGdudXBnIGxzYi1yZWxlYXNlIHVuemlwCgojIEluc3RhbGwgRG9ja2VyCmVjaG8gIkluc3RhbGxpbmcgRG9ja2VyLi4uIgpjdXJsIC1mc1NMIGh0dHBzOi8vZG93bmxvYWQuZG9ja2VyLmNvbS9saW51eC91YnVudHUvZ3BnIHwgZ3BnIC0tZGVhcm1vciAtbyAvdXNyL3NoYXJlL2tleXJpbmdzL2RvY2tlci1hcmNoaXZlLWtleXJpbmcuZ3BnCmVjaG8gImRlYiBbYXJjaD0kKGRwa2cgLS1wcmludC1hcmNoaXRlY3R1cmUpIHNpZ25lZC1ieT0vdXNyL3NoYXJlL2tleXJpbmdzL2RvY2tlci1hcmNoaXZlLWtleXJpbmcuZ3BnXSBodHRwczovL2Rvd25sb2FkLmRvY2tlci5jb20vbGludXgvdWJ1bnR1ICQobHNiX3JlbGVhc2UgLWNzKSBzdGFibGUiIHwgdGVlIC9ldGMvYXB0L3NvdXJjZXMubGlzdC5kL2RvY2tlci5saXN0ID4gL2Rldi9udWxsCmFwdC1nZXQgdXBkYXRlIC15CmFwdC1nZXQgaW5zdGFsbCAteSBkb2NrZXItY2UgZG9ja2VyLWNlLWNsaSBjb250YWluZXJkLmlvCnN5c3RlbWN0bCBzdGFydCBkb2NrZXIKc3lzdGVtY3RsIGVuYWJsZSBkb2NrZXIKCiMgQWRkIHVzZXIgdG8gRG9ja2VyIGdyb3VwCmVjaG8gIkFkZGluZyB1c2VyIHRvIERvY2tlciBncm91cC4uLiIKdXNlcm1vZCAtYUcgZG9ja2VyIHVidW50dQoKIyBDbGVhbiB1cCB1bnVzZWQgcGFja2FnZXMKYXB0LWdldCBhdXRvcmVtb3ZlIC15CmFwdC1nZXQgY2xlYW4KCiMgVmVyaWZ5IERvY2tlciBpbnN0YWxsYXRpb24KZWNobyAiRG9ja2VyIHZlcnNpb246Igpkb2NrZXIgLS12ZXJzaW9uIHx8IHsgZWNobyAiRG9ja2VyIGluc3RhbGxhdGlvbiBmYWlsZWQhIjsgZXhpdCAxOyB9CmRvY2tlciBydW4gLWQgLXAgODA6OTIwMCBcCiAgLS1tZW1vcnk9MmcgXAogIC1lIEVTX0pBVkFfT1BUUz0iLVhtczFnIC1YbXgxZyIgXAogIC1lIGRpc2NvdmVyeS50eXBlPSJzaW5nbGUtbm9kZSIgXAogIGRvY2tlci5lbGFzdGljLmNvL2VsYXN0aWNzZWFyY2gvZWxhc3RpY3NlYXJjaDo2LjIuNAogfHwgeyBlY2hvICJGYWlsZWQgdG8gc3RhcnQgRG9ja2VyIGNvbnRhaW5lciEiOyBleGl0IDE7IH0KCmVjaG8gIlNldHVwIGNvbXBsZXRlISBZb3UgY2FuIGFjY2VzcyB0aGUgYXBwbGljYXRpb24gb24gcG9ydCA4MC4i",
            "vpc_security_group_ids": []
          },
          "sensitive_attributes": [],
          "private": "bnVsbA==",
          "dependencies": [
            "aws_db_instance.postgres-accounts",
            "aws_db_instance.postgres-orders",
            "aws_security_group.ec2_sg"
          ]
        }
      ]
    },
    {
      "mode": "managed",
      "type": "aws_launch_template",
      "name": "accounts_launch_template",
      "provider": "provider[\"registry.terraform.io/hashicorp/aws\"]",
      "instances": [
        {
          "schema_version": 0,
          "attributes": {
            "arn": "arn:aws:ec2:us-east-1:637423569811:launch-template/lt-0971ad34da79438d4",
            "block_device_mappings": [
              {
                "device_name": "/dev/sda1",
                "ebs": [
                  {
                    "delete_on_termination": "",
                    "encrypted": "",
                    "iops": 0,
                    "kms_key_id": "",
                    "snapshot_id": "",
                    "throughput": 0,
                    "volume_size": 30,
                    "volume_type": "gp3"
                  }
                ],
                "no_device": "",
                "virtual_name": ""
              }
            ],
            "capacity_reservation_specification": [],
            "cpu_options": [],
            "credit_specification": [],
            "default_version": 1,
            "description": "",
            "disable_api_stop": false,
            "disable_api_termination": false,
            "ebs_optimized": "",
            "elastic_gpu_specifications": [],
            "elastic_inference_accelerator": [],
            "enclave_options": [],
            "hibernation_options": [],
            "iam_instance_profile": [],
            "id": "lt-0971ad34da79438d4",
            "image_id": "ami-0866a3c8686eaeeba",
            "instance_initiated_shutdown_behavior": "",
            "instance_market_options": [],
            "instance_requirements": [],
            "instance_type": "t3.medium",
            "kernel_id": "",
            "key_name": "",
            "latest_version": 2,
            "license_specification": [],
            "maintenance_options": [],
            "metadata_options": [],
            "monitoring": [],
            "name": "accounts-launch-template2024122507001300370000000e",
            "name_prefix": "accounts-launch-template",
            "network_interfaces": [
              {
                "associate_carrier_ip_address": "",
                "associate_public_ip_address": "true",
                "delete_on_termination": "",
                "description": "",
                "device_index": 0,
                "interface_type": "",
                "ipv4_address_count": 0,
                "ipv4_addresses": [],
                "ipv4_prefix_count": 0,
                "ipv4_prefixes": [],
                "ipv6_address_count": 0,
                "ipv6_addresses": [],
                "ipv6_prefix_count": 0,
                "ipv6_prefixes": [],
                "network_card_index": 0,
                "network_interface_id": "",
                "private_ip_address": "",
                "security_groups": [
                  "sg-0c83a46c6850ec6be"
                ],
                "subnet_id": ""
              }
            ],
            "placement": [],
            "private_dns_name_options": [],
            "ram_disk_id": "",
            "security_group_names": [],
            "tag_specifications": [],
            "tags": {
              "Environment": "dev",
              "Name": "Accounts Launch Template"
            },
            "tags_all": {
              "Environment": "dev",
              "Name": "Accounts Launch Template"
            },
            "update_default_version": null,
            "user_data": "IyEvYmluL2Jhc2gKCnNldCAtZSAgIyBFeGl0IG9uIGFueSBlcnJvcgoKIyBVcGRhdGUgYW5kIGluc3RhbGwgZXNzZW50aWFsIHRvb2xzCmVjaG8gIlVwZGF0aW5nIHN5c3RlbSBhbmQgaW5zdGFsbGluZyBwcmVyZXF1aXNpdGVzLi4uIgphcHQtZ2V0IHVwZGF0ZSAteSAmJiBhcHQtZ2V0IHVwZ3JhZGUgLXkKYXB0LWdldCBpbnN0YWxsIC15IGFwdC10cmFuc3BvcnQtaHR0cHMgY2EtY2VydGlmaWNhdGVzIGN1cmwgc29mdHdhcmUtcHJvcGVydGllcy1jb21tb24gZ251cGcgbHNiLXJlbGVhc2UgdW56aXAgZ2l0CgojIEluc3RhbGwgRG9ja2VyCmVjaG8gIkluc3RhbGxpbmcgRG9ja2VyLi4uIgpjdXJsIC1mc1NMIGh0dHBzOi8vZG93bmxvYWQuZG9ja2VyLmNvbS9saW51eC91YnVudHUvZ3BnIHwgZ3BnIC0tZGVhcm1vciAtbyAvdXNyL3NoYXJlL2tleXJpbmdzL2RvY2tlci1hcmNoaXZlLWtleXJpbmcuZ3BnCmVjaG8gImRlYiBbYXJjaD0kKGRwa2cgLS1wcmludC1hcmNoaXRlY3R1cmUpIHNpZ25lZC1ieT0vdXNyL3NoYXJlL2tleXJpbmdzL2RvY2tlci1hcmNoaXZlLWtleXJpbmcuZ3BnXSBodHRwczovL2Rvd25sb2FkLmRvY2tlci5jb20vbGludXgvdWJ1bnR1ICQobHNiX3JlbGVhc2UgLWNzKSBzdGFibGUiIHwgdGVlIC9ldGMvYXB0L3NvdXJjZXMubGlzdC5kL2RvY2tlci5saXN0ID4gL2Rldi9udWxsCmFwdC1nZXQgdXBkYXRlIC15CmFwdC1nZXQgaW5zdGFsbCAteSBkb2NrZXItY2UgZG9ja2VyLWNlLWNsaSBjb250YWluZXJkLmlvCnN5c3RlbWN0bCBzdGFydCBkb2NrZXIKc3lzdGVtY3RsIGVuYWJsZSBkb2NrZXIKCiMgQWRkIHVzZXIgdG8gRG9ja2VyIGdyb3VwCmVjaG8gIkFkZGluZyB1c2VyIHRvIERvY2tlciBncm91cC4uLiIKdXNlcm1vZCAtYUcgZG9ja2VyICIkVVNFUiIgfHwgZWNobyAiRmFpbGVkIHRvIGFkZCB1c2VyIHRvIERvY2tlciBncm91cC4gWW91IG1heSBuZWVkIHRvIHJ1biBEb2NrZXIgd2l0aCByb290IHByaXZpbGVnZXMuIgoKIyBDbGVhbiB1cCB1bnVzZWQgcGFja2FnZXMKYXB0LWdldCBhdXRvcmVtb3ZlIC15CmFwdC1nZXQgY2xlYW4KCiMgVmVyaWZ5IERvY2tlciBpbnN0YWxsYXRpb24KZWNobyAiRG9ja2VyIHZlcnNpb246Igpkb2NrZXIgLS12ZXJzaW9uIHx8IHsgZWNobyAiRG9ja2VyIGluc3RhbGxhdGlvbiBmYWlsZWQhIjsgZXhpdCAxOyB9CgojIEluc3RhbGwgUG9zdGdyZVNRTCBjbGllbnQKZWNobyAiSW5zdGFsbGluZyBQb3N0Z3JlU1FMIGNsaWVudC4uLiIKYXB0LWdldCBpbnN0YWxsIC15IHBvc3RncmVzcWwtY2xpZW50LTE2IHx8IHsgZWNobyAiRmFpbGVkIHRvIGluc3RhbGwgUG9zdGdyZVNRTCBjbGllbnQhIjsgZXhpdCAxOyB9CgojIENsb25lIHJlcG9zaXRvcnkKUkVQT19VUkw9Imh0dHBzOi8vZ2l0aHViLmNvbS9zdWphbHNoYXJtYWEvZ28tZ3JwYy1ncmFwaHFsLW1pY3Jvc2VydmljZXMuZ2l0IgpnaXQgY2xvbmUgLWIgZmVhdHVyZXMvY2xvdWQtYW5kLWRldm9wcy1mZWF0dXJlcyAiJFJFUE9fVVJMIiB8fCB7IGVjaG8gIkZhaWxlZCB0byBjbG9uZSByZXBvc2l0b3J5ISI7IGV4aXQgMTsgfQpjZCBnby1ncnBjLWdyYXBocWwtbWljcm9zZXJ2aWNlcwoKIyBCdWlsZCBEb2NrZXIgaW1hZ2UgZm9yIHRoZSBhY2NvdW50cyBzZXJ2aWNlCmVjaG8gIkJ1aWxkaW5nIERvY2tlciBpbWFnZSBmb3IgdGhlIGFjY291bnRzIHNlcnZpY2UuLi4iCmNkIGdvLWdycGMtZ3JhcGhxbC1taWNyb3NlcnZpY2VzCmRvY2tlciBidWlsZCAtZiBhY2NvdW50L2FwcC5kb2NrZXJmaWxlIC10IGFjY291bnRzIC4gfHwgeyBlY2hvICJEb2NrZXIgYnVpbGQgZm9yIGFjY291bnRzIGZhaWxlZCEiOyBleGl0IDE7IH0KCiMgUnVuIERvY2tlciBjb250YWluZXIgZm9yIHRoZSBhY2NvdW50cyBzZXJ2aWNlCmVjaG8gIlJ1bm5pbmcgRG9ja2VyIGNvbnRhaW5lciBmb3IgdGhlIGFjY291bnRzIHNlcnZpY2UuLi4iCmRvY2tlciBydW4gLWQgLXAgODA6ODA4MCBcCiAgLWUgREFUQUJBU0VfVVJMPSJwb3N0Z3Jlcy5hY2NvdW50cy5iYWNrZW5kLmNvbSIgXAogIGFjY291bnRzIHx8IHsgZWNobyAiRmFpbGVkIHRvIHN0YXJ0IERvY2tlciBjb250YWluZXIgZm9yIGFjY291bnRzISI7IGV4aXQgMTsgfQoKZWNobyAiU2V0dXAgY29tcGxldGUhIFRoZSBhY2NvdW50cyBzZXJ2aWNlIGlzIHJ1bm5pbmcgb24gcG9ydCA4MDgwLiIK",
            "vpc_security_group_ids": []
          },
          "sensitive_attributes": [],
          "private": "bnVsbA==",
          "dependencies": [
            "aws_db_instance.postgres-accounts",
            "aws_db_instance.postgres-orders",
            "aws_security_group.ec2_sg"
          ],
          "create_before_destroy": true
        }
      ]
    },
    {
      "mode": "managed",
      "type": "aws_launch_template",
      "name": "catalog_launch_template",
      "provider": "provider[\"registry.terraform.io/hashicorp/aws\"]",
      "instances": [
        {
          "schema_version": 0,
          "attributes": {
            "arn": "arn:aws:ec2:us-east-1:637423569811:launch-template/lt-081a8a68f01e4dcbb",
            "block_device_mappings": [
              {
                "device_name": "/dev/sda1",
                "ebs": [
                  {
                    "delete_on_termination": "",
                    "encrypted": "",
                    "iops": 0,
                    "kms_key_id": "",
                    "snapshot_id": "",
                    "throughput": 0,
                    "volume_size": 30,
                    "volume_type": "gp3"
                  }
                ],
                "no_device": "",
                "virtual_name": ""
              }
            ],
            "capacity_reservation_specification": [],
            "cpu_options": [],
            "credit_specification": [],
            "default_version": 1,
            "description": "",
            "disable_api_stop": false,
            "disable_api_termination": false,
            "ebs_optimized": "",
            "elastic_gpu_specifications": [],
            "elastic_inference_accelerator": [],
            "enclave_options": [],
            "hibernation_options": [],
            "iam_instance_profile": [],
            "id": "lt-081a8a68f01e4dcbb",
            "image_id": "ami-0866a3c8686eaeeba",
            "instance_initiated_shutdown_behavior": "",
            "instance_market_options": [],
            "instance_requirements": [],
            "instance_type": "t3.medium",
            "kernel_id": "",
            "key_name": "",
            "latest_version": 2,
            "license_specification": [],
            "maintenance_options": [],
            "metadata_options": [],
            "monitoring": [],
            "name": "catalog-launch-template2024122507001298940000000a",
            "name_prefix": "catalog-launch-template",
            "network_interfaces": [
              {
                "associate_carrier_ip_address": "",
                "associate_public_ip_address": "true",
                "delete_on_termination": "",
                "description": "",
                "device_index": 0,
                "interface_type": "",
                "ipv4_address_count": 0,
                "ipv4_addresses": [],
                "ipv4_prefix_count": 0,
                "ipv4_prefixes": [],
                "ipv6_address_count": 0,
                "ipv6_addresses": [],
                "ipv6_prefix_count": 0,
                "ipv6_prefixes": [],
                "network_card_index": 0,
                "network_interface_id": "",
                "private_ip_address": "",
                "security_groups": [
                  "sg-0c83a46c6850ec6be"
                ],
                "subnet_id": ""
              }
            ],
            "placement": [],
            "private_dns_name_options": [],
            "ram_disk_id": "",
            "security_group_names": [],
            "tag_specifications": [],
            "tags": {
              "Environment": "dev",
              "Name": "catalog Launch Template"
            },
            "tags_all": {
              "Environment": "dev",
              "Name": "catalog Launch Template"
            },
            "update_default_version": null,
            "user_data": "IyEvYmluL2Jhc2gKCnNldCAtZSAgIyBFeGl0IG9uIGFueSBlcnJvcgoKIyBVcGRhdGUgYW5kIGluc3RhbGwgZXNzZW50aWFsIHRvb2xzCmVjaG8gIlVwZGF0aW5nIHN5c3RlbSBhbmQgaW5zdGFsbGluZyBwcmVyZXF1aXNpdGVzLi4uIgphcHQtZ2V0IHVwZGF0ZSAteSAmJiBhcHQtZ2V0IHVwZ3JhZGUgLXkKYXB0LWdldCBpbnN0YWxsIC15IGFwdC10cmFuc3BvcnQtaHR0cHMgY2EtY2VydGlmaWNhdGVzIGN1cmwgc29mdHdhcmUtcHJvcGVydGllcy1jb21tb24gZ251cGcgbHNiLXJlbGVhc2UgdW56aXAgZ2l0CgojIEluc3RhbGwgRG9ja2VyCmVjaG8gIkluc3RhbGxpbmcgRG9ja2VyLi4uIgpjdXJsIC1mc1NMIGh0dHBzOi8vZG93bmxvYWQuZG9ja2VyLmNvbS9saW51eC91YnVudHUvZ3BnIHwgZ3BnIC0tZGVhcm1vciAtbyAvdXNyL3NoYXJlL2tleXJpbmdzL2RvY2tlci1hcmNoaXZlLWtleXJpbmcuZ3BnCmVjaG8gImRlYiBbYXJjaD0kKGRwa2cgLS1wcmludC1hcmNoaXRlY3R1cmUpIHNpZ25lZC1ieT0vdXNyL3NoYXJlL2tleXJpbmdzL2RvY2tlci1hcmNoaXZlLWtleXJpbmcuZ3BnXSBodHRwczovL2Rvd25sb2FkLmRvY2tlci5jb20vbGludXgvdWJ1bnR1ICQobHNiX3JlbGVhc2UgLWNzKSBzdGFibGUiIHwgdGVlIC9ldGMvYXB0L3NvdXJjZXMubGlzdC5kL2RvY2tlci5saXN0ID4gL2Rldi9udWxsCmFwdC1nZXQgdXBkYXRlIC15CmFwdC1nZXQgaW5zdGFsbCAteSBkb2NrZXItY2UgZG9ja2VyLWNlLWNsaSBjb250YWluZXJkLmlvCnN5c3RlbWN0bCBzdGFydCBkb2NrZXIKc3lzdGVtY3RsIGVuYWJsZSBkb2NrZXIKCiMgQWRkIHVzZXIgdG8gRG9ja2VyIGdyb3VwCmVjaG8gIkFkZGluZyB1c2VyIHRvIERvY2tlciBncm91cC4uLiIKdXNlcm1vZCAtYUcgZG9ja2VyICIkVVNFUiIgfHwgZWNobyAiRmFpbGVkIHRvIGFkZCB1c2VyIHRvIERvY2tlciBncm91cC4gWW91IG1heSBuZWVkIHRvIHJ1biBEb2NrZXIgd2l0aCByb290IHByaXZpbGVnZXMuIgoKIyBDbGVhbiB1cCB1bnVzZWQgcGFja2FnZXMKYXB0LWdldCBhdXRvcmVtb3ZlIC15CmFwdC1nZXQgY2xlYW4KCiMgVmVyaWZ5IERvY2tlciBpbnN0YWxsYXRpb24KZWNobyAiRG9ja2VyIHZlcnNpb246Igpkb2NrZXIgLS12ZXJzaW9uIHx8IHsgZWNobyAiRG9ja2VyIGluc3RhbGxhdGlvbiBmYWlsZWQhIjsgZXhpdCAxOyB9CgojIENsb25lIHJlcG9zaXRvcnkKUkVQT19VUkw9Imh0dHBzOi8vZ2l0aHViLmNvbS9zdWphbHNoYXJtYWEvZ28tZ3JwYy1ncmFwaHFsLW1pY3Jvc2VydmljZXMuZ2l0IgpnaXQgY2xvbmUgLWIgZmVhdHVyZXMvY2xvdWQtYW5kLWRldm9wcy1mZWF0dXJlcyAiJFJFUE9fVVJMIiB8fCB7IGVjaG8gIkZhaWxlZCB0byBjbG9uZSByZXBvc2l0b3J5ISI7IGV4aXQgMTsgfQpjZCBnby1ncnBjLWdyYXBocWwtbWljcm9zZXJ2aWNlcwoKIyBCdWlsZCBEb2NrZXIgaW1hZ2UKZWNobyAiQnVpbGRpbmcgRG9ja2VyIGltYWdlLi4uIgpkb2NrZXIgYnVpbGQgLWYgY2F0YWxvZy9hcHAuZG9ja2VyZmlsZSAtdCBjYXRhbG9nIC4gfHwgeyBlY2hvICJEb2NrZXIgYnVpbGQgZmFpbGVkISI7IGV4aXQgMTsgfQoKIyBSdW4gRG9ja2VyIGNvbnRhaW5lcgplY2hvICJSdW5uaW5nIERvY2tlciBjb250YWluZXIuLi4iCgplY2hvICJTZXR1cCBjb21wbGV0ZSEgWW91IGNhbiBhY2Nlc3MgdGhlIGFwcGxpY2F0aW9uIG9uIHBvcnQgODAuIgoKZG9ja2VyIHJ1biAtZCAtcCA4MDo4MDgwIC1lIEVMQVNUSUNTRUFSQ0hfREJfVVJMPWh0dHA6Ly9iYWNrZW5kLmVsYXN0aWNTZWFyY2guY29tIGNhdGFsb2cgfHwgeyBlY2hvICdGYWlsZWQgdG8gc3RhcnQgRG9ja2VyIGNvbnRhaW5lciEnOyBleGl0IDE7IH0=",
            "vpc_security_group_ids": []
          },
          "sensitive_attributes": [],
          "private": "bnVsbA==",
          "dependencies": [
            "aws_db_instance.postgres-accounts",
            "aws_db_instance.postgres-orders",
            "aws_security_group.ec2_sg"
          ]
        }
      ]
    },
    {
      "mode": "managed",
      "type": "aws_launch_template",
      "name": "graphql_launch_template",
      "provider": "provider[\"registry.terraform.io/hashicorp/aws\"]",
      "instances": [
        {
          "schema_version": 0,
          "attributes": {
            "arn": "arn:aws:ec2:us-east-1:637423569811:launch-template/lt-05025ba06ccdc88af",
            "block_device_mappings": [
              {
                "device_name": "/dev/sda1",
                "ebs": [
                  {
                    "delete_on_termination": "",
                    "encrypted": "",
                    "iops": 0,
                    "kms_key_id": "",
                    "snapshot_id": "",
                    "throughput": 0,
                    "volume_size": 30,
                    "volume_type": "gp3"
                  }
                ],
                "no_device": "",
                "virtual_name": ""
              }
            ],
            "capacity_reservation_specification": [],
            "cpu_options": [],
            "credit_specification": [],
            "default_version": 1,
            "description": "",
            "disable_api_stop": false,
            "disable_api_termination": false,
            "ebs_optimized": "",
            "elastic_gpu_specifications": [],
            "elastic_inference_accelerator": [],
            "enclave_options": [],
            "hibernation_options": [],
            "iam_instance_profile": [],
            "id": "lt-05025ba06ccdc88af",
            "image_id": "ami-0866a3c8686eaeeba",
            "instance_initiated_shutdown_behavior": "",
            "instance_market_options": [],
            "instance_requirements": [],
            "instance_type": "t3.medium",
            "kernel_id": "",
            "key_name": "",
            "latest_version": 2,
            "license_specification": [],
            "maintenance_options": [],
            "metadata_options": [],
            "monitoring": [],
            "name": "graphql-launch-template2024122507001300170000000c",
            "name_prefix": "graphql-launch-template",
            "network_interfaces": [
              {
                "associate_carrier_ip_address": "",
                "associate_public_ip_address": "true",
                "delete_on_termination": "",
                "description": "",
                "device_index": 0,
                "interface_type": "",
                "ipv4_address_count": 0,
                "ipv4_addresses": [],
                "ipv4_prefix_count": 0,
                "ipv4_prefixes": [],
                "ipv6_address_count": 0,
                "ipv6_addresses": [],
                "ipv6_prefix_count": 0,
                "ipv6_prefixes": [],
                "network_card_index": 0,
                "network_interface_id": "",
                "private_ip_address": "",
                "security_groups": [
                  "sg-0c83a46c6850ec6be"
                ],
                "subnet_id": ""
              }
            ],
            "placement": [],
            "private_dns_name_options": [],
            "ram_disk_id": "",
            "security_group_names": [],
            "tag_specifications": [],
            "tags": {
              "Environment": "dev",
              "Name": "graphql Launch Template"
            },
            "tags_all": {
              "Environment": "dev",
              "Name": "graphql Launch Template"
            },
            "update_default_version": null,
            "user_data": "IyEvYmluL2Jhc2gKCiMgRXhpdCBvbiBhbnkgZXJyb3IKc2V0IC1lCgojIFVwZGF0ZSBhbmQgaW5zdGFsbCBlc3NlbnRpYWwgdG9vbHMKZWNobyAiVXBkYXRpbmcgc3lzdGVtIGFuZCBpbnN0YWxsaW5nIHByZXJlcXVpc2l0ZXMuLi4iCmFwdC1nZXQgdXBkYXRlIC15ICYmIGFwdC1nZXQgdXBncmFkZSAteQphcHQtZ2V0IGluc3RhbGwgLXkgYXB0LXRyYW5zcG9ydC1odHRwcyBjYS1jZXJ0aWZpY2F0ZXMgY3VybCBzb2Z0d2FyZS1wcm9wZXJ0aWVzLWNvbW1vbiBnbnVwZyBsc2ItcmVsZWFzZSB1bnppcCBnaXQKCiMgSW5zdGFsbCBEb2NrZXIKZWNobyAiSW5zdGFsbGluZyBEb2NrZXIuLi4iCmN1cmwgLWZzU0wgaHR0cHM6Ly9kb3dubG9hZC5kb2NrZXIuY29tL2xpbnV4L3VidW50dS9ncGcgfCBncGcgLS1kZWFybW9yIC1vIC91c3Ivc2hhcmUva2V5cmluZ3MvZG9ja2VyLWFyY2hpdmUta2V5cmluZy5ncGcKZWNobyAiZGViIFthcmNoPSQoZHBrZyAtLXByaW50LWFyY2hpdGVjdHVyZSkgc2lnbmVkLWJ5PS91c3Ivc2hhcmUva2V5cmluZ3MvZG9ja2VyLWFyY2hpdmUta2V5cmluZy5ncGddIGh0dHBzOi8vZG93bmxvYWQuZG9ja2VyLmNvbS9saW51eC91YnVudHUgJChsc2JfcmVsZWFzZSAtY3MpIHN0YWJsZSIgfCB0ZWUgL2V0Yy9hcHQvc291cmNlcy5saXN0LmQvZG9ja2VyLmxpc3QgPiAvZGV2L251bGwKYXB0LWdldCB1cGRhdGUgLXkKYXB0LWdldCBpbnN0YWxsIC15IGRvY2tlci1jZSBkb2NrZXItY2UtY2xpIGNvbnRhaW5lcmQuaW8Kc3lzdGVtY3RsIHN0YXJ0IGRvY2tlcgpzeXN0ZW1jdGwgZW5hYmxlIGRvY2tlcgoKIyBBZGQgdXNlciB0byBEb2NrZXIgZ3JvdXAKZWNobyAiQWRkaW5nIHVzZXIgdG8gRG9ja2VyIGdyb3VwLi4uIgp1c2VybW9kIC1hRyBkb2NrZXIgdWJ1bnR1IHx8IGVjaG8gIkZhaWxlZCB0byBhZGQgdXNlciB0byBEb2NrZXIgZ3JvdXAuIEVuc3VyZSB5b3UgaGF2ZSByb290IHByaXZpbGVnZXMuIgoKIyBDbGVhbiB1cCB1bnVzZWQgcGFja2FnZXMKYXB0LWdldCBhdXRvcmVtb3ZlIC15CmFwdC1nZXQgY2xlYW4KCiMgVmVyaWZ5IERvY2tlciBpbnN0YWxsYXRpb24KZWNobyAiRG9ja2VyIHZlcnNpb246Igpkb2NrZXIgLS12ZXJzaW9uIHx8IHsgZWNobyAiRG9ja2VyIGluc3RhbGxhdGlvbiBmYWlsZWQhIjsgZXhpdCAxOyB9CgojIENsb25lIHJlcG9zaXRvcnkKUkVQT19VUkw9Imh0dHBzOi8vZ2l0aHViLmNvbS9zdWphbHNoYXJtYWEvZ28tZ3JwYy1ncmFwaHFsLW1pY3Jvc2VydmljZXMuZ2l0IgpnaXQgY2xvbmUgLWIgZmVhdHVyZXMvY2xvdWQtYW5kLWRldm9wcy1mZWF0dXJlcyAiJFJFUE9fVVJMIiB8fCB7IGVjaG8gIkZhaWxlZCB0byBjbG9uZSByZXBvc2l0b3J5ISI7IGV4aXQgMTsgfQpjZCBnby1ncnBjLWdyYXBocWwtbWljcm9zZXJ2aWNlcwoKIyBCdWlsZCBEb2NrZXIgaW1hZ2UKZWNobyAiQnVpbGRpbmcgRG9ja2VyIGltYWdlIGZvciBHcmFwaFFMIHNlcnZpY2UuLi4iCmRvY2tlciBidWlsZCAtZiBncmFwaHFsL2FwcC5kb2NrZXJmaWxlIC10IGdyYXBocWwgLiB8fCB7IGVjaG8gIkRvY2tlciBidWlsZCBmYWlsZWQhIjsgZXhpdCAxOyB9CgojIFJ1biBEb2NrZXIgY29udGFpbmVyCmVjaG8gIlJ1bm5pbmcgRG9ja2VyIGNvbnRhaW5lciBmb3IgR3JhcGhRTCBzZXJ2aWNlLi4uIgpkb2NrZXIgcnVuIC1kIC1wIDgwOjgwODAgXAogIC1lIENBVEFMT0dfU0VSVklDRV9VUkw9Imh0dHA6Ly9iYWNrZW5kLmNhdGFsb2cuY29tIiBcCiAgLWUgQUNDT1VOVF9TRVJWSUNFX1VSTD0iaHR0cDovL2JhY2tlbmQuYWNjb3VudHMuY29tIiBcCiAgLWUgT1JERVJfU0VSVklDRV9VUkw9Imh0dHA6Ly9iYWNrZW5kLm9yZGVycy5jb20iIFwKICBncmFwaHFsIHx8IHsgZWNobyAiRmFpbGVkIHRvIHN0YXJ0IERvY2tlciBjb250YWluZXIhIjsgZXhpdCAxOyB9CgplY2hvICJTZXR1cCBjb21wbGV0ZSEgWW91IGNhbiBhY2Nlc3MgdGhlIEdyYXBoUUwgYXBwbGljYXRpb24gb24gcG9ydCA4MC4iCg==",
            "vpc_security_group_ids": []
          },
          "sensitive_attributes": [],
          "private": "bnVsbA==",
          "dependencies": [
            "aws_db_instance.postgres-accounts",
            "aws_db_instance.postgres-orders",
            "aws_security_group.ec2_sg"
          ]
        }
      ]
    },
    {
      "mode": "managed",
      "type": "aws_launch_template",
      "name": "orders_launch_template",
      "provider": "provider[\"registry.terraform.io/hashicorp/aws\"]",
      "instances": [
        {
          "schema_version": 0,
          "attributes": {
            "arn": "arn:aws:ec2:us-east-1:637423569811:launch-template/lt-0425e5f033ff310f9",
            "block_device_mappings": [
              {
                "device_name": "/dev/sda1",
                "ebs": [
                  {
                    "delete_on_termination": "",
                    "encrypted": "",
                    "iops": 0,
                    "kms_key_id": "",
                    "snapshot_id": "",
                    "throughput": 0,
                    "volume_size": 30,
                    "volume_type": "gp3"
                  }
                ],
                "no_device": "",
                "virtual_name": ""
              }
            ],
            "capacity_reservation_specification": [],
            "cpu_options": [],
            "credit_specification": [],
            "default_version": 1,
            "description": "",
            "disable_api_stop": false,
            "disable_api_termination": false,
            "ebs_optimized": "",
            "elastic_gpu_specifications": [],
            "elastic_inference_accelerator": [],
            "enclave_options": [],
            "hibernation_options": [],
            "iam_instance_profile": [],
            "id": "lt-0425e5f033ff310f9",
            "image_id": "ami-0866a3c8686eaeeba",
            "instance_initiated_shutdown_behavior": "",
            "instance_market_options": [],
            "instance_requirements": [],
            "instance_type": "t3.medium",
            "kernel_id": "",
            "key_name": "",
            "latest_version": 2,
            "license_specification": [],
            "maintenance_options": [],
            "metadata_options": [],
            "monitoring": [],
            "name": "orders-launch-template20241225070012986900000008",
            "name_prefix": "orders-launch-template",
            "network_interfaces": [
              {
                "associate_carrier_ip_address": "",
                "associate_public_ip_address": "true",
                "delete_on_termination": "",
                "description": "",
                "device_index": 0,
                "interface_type": "",
                "ipv4_address_count": 0,
                "ipv4_addresses": [],
                "ipv4_prefix_count": 0,
                "ipv4_prefixes": [],
                "ipv6_address_count": 0,
                "ipv6_addresses": [],
                "ipv6_prefix_count": 0,
                "ipv6_prefixes": [],
                "network_card_index": 0,
                "network_interface_id": "",
                "private_ip_address": "",
                "security_groups": [
                  "sg-0c83a46c6850ec6be"
                ],
                "subnet_id": ""
              }
            ],
            "placement": [],
            "private_dns_name_options": [],
            "ram_disk_id": "",
            "security_group_names": [],
            "tag_specifications": [],
            "tags": {
              "Environment": "dev",
              "Name": "orders Launch Template"
            },
            "tags_all": {
              "Environment": "dev",
              "Name": "orders Launch Template"
            },
            "update_default_version": null,
            "user_data": "IyEvYmluL2Jhc2gKCnNldCAtZSAgIyBFeGl0IGltbWVkaWF0ZWx5IGlmIGEgY29tbWFuZCBleGl0cyB3aXRoIGEgbm9uLXplcm8gc3RhdHVzLgoKIyBVcGRhdGUgYW5kIGluc3RhbGwgZXNzZW50aWFsIHRvb2xzCmVjaG8gIlVwZGF0aW5nIHN5c3RlbSBhbmQgaW5zdGFsbGluZyBwcmVyZXF1aXNpdGVzLi4uIgphcHQtZ2V0IHVwZGF0ZSAteSAmJiBhcHQtZ2V0IHVwZ3JhZGUgLXkKYXB0LWdldCBpbnN0YWxsIC15IGFwdC10cmFuc3BvcnQtaHR0cHMgY2EtY2VydGlmaWNhdGVzIGN1cmwgc29mdHdhcmUtcHJvcGVydGllcy1jb21tb24gZ251cGcgbHNiLXJlbGVhc2UgdW56aXAgZ2l0CgojIEluc3RhbGwgRG9ja2VyCmVjaG8gIkluc3RhbGxpbmcgRG9ja2VyLi4uIgpjdXJsIC1mc1NMIGh0dHBzOi8vZG93bmxvYWQuZG9ja2VyLmNvbS9saW51eC91YnVudHUvZ3BnIHwgZ3BnIC0tZGVhcm1vciAtbyAvdXNyL3NoYXJlL2tleXJpbmdzL2RvY2tlci1hcmNoaXZlLWtleXJpbmcuZ3BnCmVjaG8gImRlYiBbYXJjaD0kKGRwa2cgLS1wcmludC1hcmNoaXRlY3R1cmUpIHNpZ25lZC1ieT0vdXNyL3NoYXJlL2tleXJpbmdzL2RvY2tlci1hcmNoaXZlLWtleXJpbmcuZ3BnXSBodHRwczovL2Rvd25sb2FkLmRvY2tlci5jb20vbGludXgvdWJ1bnR1ICQobHNiX3JlbGVhc2UgLWNzKSBzdGFibGUiIHwgdGVlIC9ldGMvYXB0L3NvdXJjZXMubGlzdC5kL2RvY2tlci5saXN0ID4gL2Rldi9udWxsCmFwdC1nZXQgdXBkYXRlIC15CmFwdC1nZXQgaW5zdGFsbCAteSBkb2NrZXItY2UgZG9ja2VyLWNlLWNsaSBjb250YWluZXJkLmlvCnN5c3RlbWN0bCBzdGFydCBkb2NrZXIKc3lzdGVtY3RsIGVuYWJsZSBkb2NrZXIKCiMgQWRkIHVzZXIgdG8gRG9ja2VyIGdyb3VwCmVjaG8gIkFkZGluZyB1c2VyIHRvIERvY2tlciBncm91cC4uLiIKdXNlcm1vZCAtYUcgZG9ja2VyIHVidW50dSB8fCBlY2hvICJGYWlsZWQgdG8gYWRkIHVzZXIgdG8gRG9ja2VyIGdyb3VwLiBDb250aW51aW5nIGFzIHJvb3QuIgoKIyBDbGVhbiB1cCB1bnVzZWQgcGFja2FnZXMKYXB0LWdldCBhdXRvcmVtb3ZlIC15CmFwdC1nZXQgY2xlYW4KCiMgVmVyaWZ5IERvY2tlciBpbnN0YWxsYXRpb24KZWNobyAiRG9ja2VyIHZlcnNpb246Igpkb2NrZXIgLS12ZXJzaW9uIHx8IHsgZWNobyAiRG9ja2VyIGluc3RhbGxhdGlvbiBmYWlsZWQhIjsgZXhpdCAxOyB9CgojIENsb25lIHJlcG9zaXRvcnkKUkVQT19VUkw9Imh0dHBzOi8vZ2l0aHViLmNvbS9zdWphbHNoYXJtYWEvZ28tZ3JwYy1ncmFwaHFsLW1pY3Jvc2VydmljZXMuZ2l0IgoKIyBCdWlsZCBEb2NrZXIgaW1hZ2UKZWNobyAiQnVpbGRpbmcgRG9ja2VyIGltYWdlLi4uIgpkb2NrZXIgYnVpbGQgLWYgb3JkZXIvYXBwLmRvY2tlcmZpbGUgLXQgb3JkZXJzIC4gfHwgeyBlY2hvICJEb2NrZXIgYnVpbGQgZmFpbGVkISI7IGV4aXQgMTsgfQoKIyBSdW4gRG9ja2VyIGNvbnRhaW5lcgplY2hvICJSdW5uaW5nIERvY2tlciBjb250YWluZXIuLi4iCmRvY2tlciBydW4gLWQgLXAgODA6ODA4MCBcCiAgLWUgREFUQUJBU0VfVVJMPSJwb3N0Z3Jlcy5vcmRlcnMuYmFja2VuZC5pbiIgXAogIC1lIEFDQ09VTlRfU0VSVklDRV9VUkw9Imh0dHA6Ly9iYWNrZW5kLmFjY291bnRzLmNvbSIgXAogIC1lIENBVEFMT0dfU0VSVklDRV9VUkw9Imh0dHA6Ly9iYWNrZW5kLmNhdGFsb2cuY29tIiBcCiAgb3JkZXJzIHx8IHsgZWNobyAiRmFpbGVkIHRvIHN0YXJ0IERvY2tlciBjb250YWluZXIhIjsgZXhpdCAxOyB9CgojIFZlcmlmeSBjb250YWluZXIgaXMgcnVubmluZwplY2hvICJWZXJpZnlpbmcgRG9ja2VyIGNvbnRhaW5lci4uLiIKZG9ja2VyIHBzIHwgZ3JlcCBvcmRlcnMgJiYgZWNobyAiU2V0dXAgY29tcGxldGUhIFlvdSBjYW4gYWNjZXNzIHRoZSBhcHBsaWNhdGlvbiBvbiBwb3J0IDgwLiIgfHwgeyBlY2hvICJDb250YWluZXIgZGlkIG5vdCBzdGFydCBzdWNjZXNzZnVsbHkhIjsgZXhpdCAxOyB9Cg==",
            "vpc_security_group_ids": []
          },
          "sensitive_attributes": [],
          "private": "bnVsbA==",
          "dependencies": [
            "aws_db_instance.postgres-accounts",
            "aws_db_instance.postgres-orders",
            "aws_security_group.ec2_sg"
          ]
        }
      ]
    },
    {
      "mode": "managed",
      "type": "aws_lb",
      "name": "ElasticSearch_load-balancer",
      "provider": "provider[\"registry.terraform.io/hashicorp/aws\"]",
      "instances": [
        {
          "schema_version": 0,
          "attributes": {
            "access_logs": [
              {
                "bucket": "",
                "enabled": false,
                "prefix": ""
              }
            ],
            "arn": "arn:aws:elasticloadbalancing:us-east-1:637423569811:loadbalancer/app/ElasticSearch-load-balancer/c868ca453ae72ea1",
            "arn_suffix": "app/ElasticSearch-load-balancer/c868ca453ae72ea1",
            "client_keep_alive": 3600,
            "connection_logs": [
              {
                "bucket": "",
                "enabled": false,
                "prefix": ""
              }
            ],
            "customer_owned_ipv4_pool": "",
            "desync_mitigation_mode": "defensive",
            "dns_name": "ElasticSearch-load-balancer-1862636749.us-east-1.elb.amazonaws.com",
            "dns_record_client_routing_policy": null,
            "drop_invalid_header_fields": false,
            "enable_cross_zone_load_balancing": true,
            "enable_deletion_protection": false,
            "enable_http2": true,
            "enable_tls_version_and_cipher_suite_headers": false,
            "enable_waf_fail_open": false,
            "enable_xff_client_port": false,
            "enforce_security_group_inbound_rules_on_private_link_traffic": "",
            "id": "arn:aws:elasticloadbalancing:us-east-1:637423569811:loadbalancer/app/ElasticSearch-load-balancer/c868ca453ae72ea1",
            "idle_timeout": 60,
            "internal": false,
            "ip_address_type": "ipv4",
            "load_balancer_type": "application",
            "name": "ElasticSearch-load-balancer",
            "name_prefix": "",
            "preserve_host_header": false,
            "security_groups": [
              "sg-0c83a46c6850ec6be"
            ],
            "subnet_mapping": [
              {
                "allocation_id": "",
                "ipv6_address": "",
                "outpost_id": "",
                "private_ipv4_address": "",
                "subnet_id": "subnet-00478c18021a58fb4"
              },
              {
                "allocation_id": "",
                "ipv6_address": "",
                "outpost_id": "",
                "private_ipv4_address": "",
                "subnet_id": "subnet-057cbeee66e4b1e6c"
              }
            ],
            "subnets": [
              "subnet-00478c18021a58fb4",
              "subnet-057cbeee66e4b1e6c"
            ],
            "tags": {
              "Environment": "dev",
              "Name": "ElasticSearch-load-balancer"
            },
            "tags_all": {
              "Environment": "dev",
              "Name": "ElasticSearch-load-balancer"
            },
            "timeouts": null,
            "vpc_id": "vpc-0ee1095c8645caad0",
            "xff_header_processing_mode": "append",
            "zone_id": "Z35SXDOTRQ7X7K"
          },
          "sensitive_attributes": [],
          "private": "eyJlMmJmYjczMC1lY2FhLTExZTYtOGY4OC0zNDM2M2JjN2M0YzAiOnsiY3JlYXRlIjo2MDAwMDAwMDAwMDAsImRlbGV0ZSI6NjAwMDAwMDAwMDAwLCJ1cGRhdGUiOjYwMDAwMDAwMDAwMH19",
          "dependencies": [
            "aws_security_group.ec2_sg",
            "aws_subnet.public-zone1",
            "aws_subnet.public-zone2"
          ]
        }
      ]
    },
    {
      "mode": "managed",
      "type": "aws_lb",
      "name": "accounts_load-balancer",
      "provider": "provider[\"registry.terraform.io/hashicorp/aws\"]",
      "instances": [
        {
          "schema_version": 0,
          "attributes": {
            "access_logs": [
              {
                "bucket": "",
                "enabled": false,
                "prefix": ""
              }
            ],
            "arn": "arn:aws:elasticloadbalancing:us-east-1:637423569811:loadbalancer/app/accounts-load-balancer/fd3933b9a26baaac",
            "arn_suffix": "app/accounts-load-balancer/fd3933b9a26baaac",
            "client_keep_alive": 3600,
            "connection_logs": [
              {
                "bucket": "",
                "enabled": false,
                "prefix": ""
              }
            ],
            "customer_owned_ipv4_pool": "",
            "desync_mitigation_mode": "defensive",
            "dns_name": "accounts-load-balancer-2071788961.us-east-1.elb.amazonaws.com",
            "dns_record_client_routing_policy": null,
            "drop_invalid_header_fields": false,
            "enable_cross_zone_load_balancing": true,
            "enable_deletion_protection": false,
            "enable_http2": true,
            "enable_tls_version_and_cipher_suite_headers": false,
            "enable_waf_fail_open": false,
            "enable_xff_client_port": false,
            "enforce_security_group_inbound_rules_on_private_link_traffic": "",
            "id": "arn:aws:elasticloadbalancing:us-east-1:637423569811:loadbalancer/app/accounts-load-balancer/fd3933b9a26baaac",
            "idle_timeout": 60,
            "internal": false,
            "ip_address_type": "ipv4",
            "load_balancer_type": "application",
            "name": "accounts-load-balancer",
            "name_prefix": "",
            "preserve_host_header": false,
            "security_groups": [
              "sg-0c83a46c6850ec6be"
            ],
            "subnet_mapping": [
              {
                "allocation_id": "",
                "ipv6_address": "",
                "outpost_id": "",
                "private_ipv4_address": "",
                "subnet_id": "subnet-00478c18021a58fb4"
              },
              {
                "allocation_id": "",
                "ipv6_address": "",
                "outpost_id": "",
                "private_ipv4_address": "",
                "subnet_id": "subnet-057cbeee66e4b1e6c"
              }
            ],
            "subnets": [
              "subnet-00478c18021a58fb4",
              "subnet-057cbeee66e4b1e6c"
            ],
            "tags": {
              "Environment": "dev",
              "Name": "accounts-load-balancer"
            },
            "tags_all": {
              "Environment": "dev",
              "Name": "accounts-load-balancer"
            },
            "timeouts": null,
            "vpc_id": "vpc-0ee1095c8645caad0",
            "xff_header_processing_mode": "append",
            "zone_id": "Z35SXDOTRQ7X7K"
          },
          "sensitive_attributes": [],
          "private": "eyJlMmJmYjczMC1lY2FhLTExZTYtOGY4OC0zNDM2M2JjN2M0YzAiOnsiY3JlYXRlIjo2MDAwMDAwMDAwMDAsImRlbGV0ZSI6NjAwMDAwMDAwMDAwLCJ1cGRhdGUiOjYwMDAwMDAwMDAwMH19",
          "dependencies": [
            "aws_security_group.ec2_sg",
            "aws_subnet.public-zone1",
            "aws_subnet.public-zone2"
          ]
        }
      ]
    },
    {
      "mode": "managed",
      "type": "aws_lb",
      "name": "catalog_load-balancer",
      "provider": "provider[\"registry.terraform.io/hashicorp/aws\"]",
      "instances": [
        {
          "schema_version": 0,
          "attributes": {
            "access_logs": [
              {
                "bucket": "",
                "enabled": false,
                "prefix": ""
              }
            ],
            "arn": "arn:aws:elasticloadbalancing:us-east-1:637423569811:loadbalancer/app/catalog-load-balancer/7fb9d702d203d828",
            "arn_suffix": "app/catalog-load-balancer/7fb9d702d203d828",
            "client_keep_alive": 3600,
            "connection_logs": [
              {
                "bucket": "",
                "enabled": false,
                "prefix": ""
              }
            ],
            "customer_owned_ipv4_pool": "",
            "desync_mitigation_mode": "defensive",
            "dns_name": "catalog-load-balancer-1599407140.us-east-1.elb.amazonaws.com",
            "dns_record_client_routing_policy": null,
            "drop_invalid_header_fields": false,
            "enable_cross_zone_load_balancing": true,
            "enable_deletion_protection": false,
            "enable_http2": true,
            "enable_tls_version_and_cipher_suite_headers": false,
            "enable_waf_fail_open": false,
            "enable_xff_client_port": false,
            "enforce_security_group_inbound_rules_on_private_link_traffic": "",
            "id": "arn:aws:elasticloadbalancing:us-east-1:637423569811:loadbalancer/app/catalog-load-balancer/7fb9d702d203d828",
            "idle_timeout": 60,
            "internal": false,
            "ip_address_type": "ipv4",
            "load_balancer_type": "application",
            "name": "catalog-load-balancer",
            "name_prefix": "",
            "preserve_host_header": false,
            "security_groups": [
              "sg-0c83a46c6850ec6be"
            ],
            "subnet_mapping": [
              {
                "allocation_id": "",
                "ipv6_address": "",
                "outpost_id": "",
                "private_ipv4_address": "",
                "subnet_id": "subnet-00478c18021a58fb4"
              },
              {
                "allocation_id": "",
                "ipv6_address": "",
                "outpost_id": "",
                "private_ipv4_address": "",
                "subnet_id": "subnet-057cbeee66e4b1e6c"
              }
            ],
            "subnets": [
              "subnet-00478c18021a58fb4",
              "subnet-057cbeee66e4b1e6c"
            ],
            "tags": {
              "Environment": "dev",
              "Name": "catalog-load-balancer"
            },
            "tags_all": {
              "Environment": "dev",
              "Name": "catalog-load-balancer"
            },
            "timeouts": null,
            "vpc_id": "vpc-0ee1095c8645caad0",
            "xff_header_processing_mode": "append",
            "zone_id": "Z35SXDOTRQ7X7K"
          },
          "sensitive_attributes": [],
          "private": "eyJlMmJmYjczMC1lY2FhLTExZTYtOGY4OC0zNDM2M2JjN2M0YzAiOnsiY3JlYXRlIjo2MDAwMDAwMDAwMDAsImRlbGV0ZSI6NjAwMDAwMDAwMDAwLCJ1cGRhdGUiOjYwMDAwMDAwMDAwMH19",
          "dependencies": [
            "aws_security_group.ec2_sg",
            "aws_subnet.public-zone1",
            "aws_subnet.public-zone2"
          ]
        }
      ]
    },
    {
      "mode": "managed",
      "type": "aws_lb",
      "name": "graphql_load-balancer",
      "provider": "provider[\"registry.terraform.io/hashicorp/aws\"]",
      "instances": [
        {
          "schema_version": 0,
          "attributes": {
            "access_logs": [
              {
                "bucket": "",
                "enabled": false,
                "prefix": ""
              }
            ],
            "arn": "arn:aws:elasticloadbalancing:us-east-1:637423569811:loadbalancer/app/graphql-load-balancer/bd6d4adc7f8ad14f",
            "arn_suffix": "app/graphql-load-balancer/bd6d4adc7f8ad14f",
            "client_keep_alive": 3600,
            "connection_logs": [
              {
                "bucket": "",
                "enabled": false,
                "prefix": ""
              }
            ],
            "customer_owned_ipv4_pool": "",
            "desync_mitigation_mode": "defensive",
            "dns_name": "graphql-load-balancer-772062151.us-east-1.elb.amazonaws.com",
            "dns_record_client_routing_policy": null,
            "drop_invalid_header_fields": false,
            "enable_cross_zone_load_balancing": true,
            "enable_deletion_protection": false,
            "enable_http2": true,
            "enable_tls_version_and_cipher_suite_headers": false,
            "enable_waf_fail_open": false,
            "enable_xff_client_port": false,
            "enforce_security_group_inbound_rules_on_private_link_traffic": "",
            "id": "arn:aws:elasticloadbalancing:us-east-1:637423569811:loadbalancer/app/graphql-load-balancer/bd6d4adc7f8ad14f",
            "idle_timeout": 60,
            "internal": false,
            "ip_address_type": "ipv4",
            "load_balancer_type": "application",
            "name": "graphql-load-balancer",
            "name_prefix": "",
            "preserve_host_header": false,
            "security_groups": [
              "sg-0c83a46c6850ec6be"
            ],
            "subnet_mapping": [
              {
                "allocation_id": "",
                "ipv6_address": "",
                "outpost_id": "",
                "private_ipv4_address": "",
                "subnet_id": "subnet-00478c18021a58fb4"
              },
              {
                "allocation_id": "",
                "ipv6_address": "",
                "outpost_id": "",
                "private_ipv4_address": "",
                "subnet_id": "subnet-057cbeee66e4b1e6c"
              }
            ],
            "subnets": [
              "subnet-00478c18021a58fb4",
              "subnet-057cbeee66e4b1e6c"
            ],
            "tags": {
              "Environment": "dev",
              "Name": "graphql-load-balancer"
            },
            "tags_all": {
              "Environment": "dev",
              "Name": "graphql-load-balancer"
            },
            "timeouts": null,
            "vpc_id": "vpc-0ee1095c8645caad0",
            "xff_header_processing_mode": "append",
            "zone_id": "Z35SXDOTRQ7X7K"
          },
          "sensitive_attributes": [],
          "private": "eyJlMmJmYjczMC1lY2FhLTExZTYtOGY4OC0zNDM2M2JjN2M0YzAiOnsiY3JlYXRlIjo2MDAwMDAwMDAwMDAsImRlbGV0ZSI6NjAwMDAwMDAwMDAwLCJ1cGRhdGUiOjYwMDAwMDAwMDAwMH19",
          "dependencies": [
            "aws_security_group.ec2_sg",
            "aws_subnet.public-zone1",
            "aws_subnet.public-zone2"
          ]
        }
      ]
    },
    {
      "mode": "managed",
      "type": "aws_lb",
      "name": "orders_load-balancer",
      "provider": "provider[\"registry.terraform.io/hashicorp/aws\"]",
      "instances": [
        {
          "schema_version": 0,
          "attributes": {
            "access_logs": [
              {
                "bucket": "",
                "enabled": false,
                "prefix": ""
              }
            ],
            "arn": "arn:aws:elasticloadbalancing:us-east-1:637423569811:loadbalancer/app/orders-load-balancer/6d0ac4d16be7ed96",
            "arn_suffix": "app/orders-load-balancer/6d0ac4d16be7ed96",
            "client_keep_alive": 3600,
            "connection_logs": [
              {
                "bucket": "",
                "enabled": false,
                "prefix": ""
              }
            ],
            "customer_owned_ipv4_pool": "",
            "desync_mitigation_mode": "defensive",
            "dns_name": "orders-load-balancer-755935859.us-east-1.elb.amazonaws.com",
            "dns_record_client_routing_policy": null,
            "drop_invalid_header_fields": false,
            "enable_cross_zone_load_balancing": true,
            "enable_deletion_protection": false,
            "enable_http2": true,
            "enable_tls_version_and_cipher_suite_headers": false,
            "enable_waf_fail_open": false,
            "enable_xff_client_port": false,
            "enforce_security_group_inbound_rules_on_private_link_traffic": "",
            "id": "arn:aws:elasticloadbalancing:us-east-1:637423569811:loadbalancer/app/orders-load-balancer/6d0ac4d16be7ed96",
            "idle_timeout": 60,
            "internal": false,
            "ip_address_type": "ipv4",
            "load_balancer_type": "application",
            "name": "orders-load-balancer",
            "name_prefix": "",
            "preserve_host_header": false,
            "security_groups": [
              "sg-0c83a46c6850ec6be"
            ],
            "subnet_mapping": [
              {
                "allocation_id": "",
                "ipv6_address": "",
                "outpost_id": "",
                "private_ipv4_address": "",
                "subnet_id": "subnet-00478c18021a58fb4"
              },
              {
                "allocation_id": "",
                "ipv6_address": "",
                "outpost_id": "",
                "private_ipv4_address": "",
                "subnet_id": "subnet-057cbeee66e4b1e6c"
              }
            ],
            "subnets": [
              "subnet-00478c18021a58fb4",
              "subnet-057cbeee66e4b1e6c"
            ],
            "tags": {
              "Environment": "dev",
              "Name": "orders-load-balancer"
            },
            "tags_all": {
              "Environment": "dev",
              "Name": "orders-load-balancer"
            },
            "timeouts": null,
            "vpc_id": "vpc-0ee1095c8645caad0",
            "xff_header_processing_mode": "append",
            "zone_id": "Z35SXDOTRQ7X7K"
          },
          "sensitive_attributes": [],
          "private": "eyJlMmJmYjczMC1lY2FhLTExZTYtOGY4OC0zNDM2M2JjN2M0YzAiOnsiY3JlYXRlIjo2MDAwMDAwMDAwMDAsImRlbGV0ZSI6NjAwMDAwMDAwMDAwLCJ1cGRhdGUiOjYwMDAwMDAwMDAwMH19",
          "dependencies": [
            "aws_security_group.ec2_sg",
            "aws_subnet.public-zone1",
            "aws_subnet.public-zone2"
          ]
        }
      ]
    },
    {
      "mode": "managed",
      "type": "aws_lb_listener",
      "name": "http_ElasticSearch",
      "provider": "provider[\"registry.terraform.io/hashicorp/aws\"]",
      "instances": [
        {
          "schema_version": 0,
          "attributes": {
            "alpn_policy": null,
            "arn": "arn:aws:elasticloadbalancing:us-east-1:637423569811:listener/app/ElasticSearch-load-balancer/c868ca453ae72ea1/31b7f1ccb62814d5",
            "certificate_arn": null,
            "default_action": [
              {
                "authenticate_cognito": [],
                "authenticate_oidc": [],
                "fixed_response": [],
                "forward": [],
                "order": 1,
                "redirect": [],
                "target_group_arn": "arn:aws:elasticloadbalancing:us-east-1:637423569811:targetgroup/ElasticSearch-service-tg/d200bfa6edecbc38",
                "type": "forward"
              }
            ],
            "id": "arn:aws:elasticloadbalancing:us-east-1:637423569811:listener/app/ElasticSearch-load-balancer/c868ca453ae72ea1/31b7f1ccb62814d5",
            "load_balancer_arn": "arn:aws:elasticloadbalancing:us-east-1:637423569811:loadbalancer/app/ElasticSearch-load-balancer/c868ca453ae72ea1",
            "mutual_authentication": [],
            "port": 80,
            "protocol": "HTTP",
            "ssl_policy": "",
            "tags": {
              "Environment": "dev",
              "Name": "http-listener"
            },
            "tags_all": {
              "Environment": "dev",
              "Name": "http-listener"
            },
            "timeouts": null
          },
          "sensitive_attributes": [],
          "private": "eyJlMmJmYjczMC1lY2FhLTExZTYtOGY4OC0zNDM2M2JjN2M0YzAiOnsiY3JlYXRlIjozMDAwMDAwMDAwMDAsInVwZGF0ZSI6MzAwMDAwMDAwMDAwfX0=",
          "dependencies": [
            "aws_lb.ElasticSearch_load-balancer",
            "aws_lb_target_group.ElasticSearch_service_tg"
          ]
        }
      ]
    },
    {
      "mode": "managed",
      "type": "aws_lb_listener",
      "name": "http_accounts",
      "provider": "provider[\"registry.terraform.io/hashicorp/aws\"]",
      "instances": [
        {
          "schema_version": 0,
          "attributes": {
            "alpn_policy": null,
            "arn": "arn:aws:elasticloadbalancing:us-east-1:637423569811:listener/app/accounts-load-balancer/fd3933b9a26baaac/48fef08a7b86e076",
            "certificate_arn": null,
            "default_action": [
              {
                "authenticate_cognito": [],
                "authenticate_oidc": [],
                "fixed_response": [],
                "forward": [],
                "order": 1,
                "redirect": [],
                "target_group_arn": "arn:aws:elasticloadbalancing:us-east-1:637423569811:targetgroup/accounts-service-tg/cae6986422fbf39e",
                "type": "forward"
              }
            ],
            "id": "arn:aws:elasticloadbalancing:us-east-1:637423569811:listener/app/accounts-load-balancer/fd3933b9a26baaac/48fef08a7b86e076",
            "load_balancer_arn": "arn:aws:elasticloadbalancing:us-east-1:637423569811:loadbalancer/app/accounts-load-balancer/fd3933b9a26baaac",
            "mutual_authentication": [],
            "port": 80,
            "protocol": "HTTP",
            "ssl_policy": "",
            "tags": {
              "Environment": "dev",
              "Name": "http-listener"
            },
            "tags_all": {
              "Environment": "dev",
              "Name": "http-listener"
            },
            "timeouts": null
          },
          "sensitive_attributes": [],
          "private": "eyJlMmJmYjczMC1lY2FhLTExZTYtOGY4OC0zNDM2M2JjN2M0YzAiOnsiY3JlYXRlIjozMDAwMDAwMDAwMDAsInVwZGF0ZSI6MzAwMDAwMDAwMDAwfX0=",
          "dependencies": [
            "aws_lb.accounts_load-balancer",
            "aws_lb_target_group.accounts_service_tg"
          ]
        }
      ]
    },
    {
      "mode": "managed",
      "type": "aws_lb_listener",
      "name": "http_catalog",
      "provider": "provider[\"registry.terraform.io/hashicorp/aws\"]",
      "instances": [
        {
          "schema_version": 0,
          "attributes": {
            "alpn_policy": null,
            "arn": "arn:aws:elasticloadbalancing:us-east-1:637423569811:listener/app/catalog-load-balancer/7fb9d702d203d828/f89d6e906a31357d",
            "certificate_arn": null,
            "default_action": [
              {
                "authenticate_cognito": [],
                "authenticate_oidc": [],
                "fixed_response": [],
                "forward": [],
                "order": 1,
                "redirect": [],
                "target_group_arn": "arn:aws:elasticloadbalancing:us-east-1:637423569811:targetgroup/catalog-service-tg/70a0f9264578fe6a",
                "type": "forward"
              }
            ],
            "id": "arn:aws:elasticloadbalancing:us-east-1:637423569811:listener/app/catalog-load-balancer/7fb9d702d203d828/f89d6e906a31357d",
            "load_balancer_arn": "arn:aws:elasticloadbalancing:us-east-1:637423569811:loadbalancer/app/catalog-load-balancer/7fb9d702d203d828",
            "mutual_authentication": [],
            "port": 80,
            "protocol": "HTTP",
            "ssl_policy": "",
            "tags": {
              "Environment": "dev",
              "Name": "http-listener"
            },
            "tags_all": {
              "Environment": "dev",
              "Name": "http-listener"
            },
            "timeouts": null
          },
          "sensitive_attributes": [],
          "private": "eyJlMmJmYjczMC1lY2FhLTExZTYtOGY4OC0zNDM2M2JjN2M0YzAiOnsiY3JlYXRlIjozMDAwMDAwMDAwMDAsInVwZGF0ZSI6MzAwMDAwMDAwMDAwfX0=",
          "dependencies": [
            "aws_lb.catalog_load-balancer",
            "aws_lb_target_group.catalog_service_tg"
          ]
        }
      ]
    },
    {
      "mode": "managed",
      "type": "aws_lb_listener",
      "name": "http_graphql",
      "provider": "provider[\"registry.terraform.io/hashicorp/aws\"]",
      "instances": [
        {
          "schema_version": 0,
          "attributes": {
            "alpn_policy": null,
            "arn": "arn:aws:elasticloadbalancing:us-east-1:637423569811:listener/app/graphql-load-balancer/bd6d4adc7f8ad14f/5443a7e04017db62",
            "certificate_arn": null,
            "default_action": [
              {
                "authenticate_cognito": [],
                "authenticate_oidc": [],
                "fixed_response": [],
                "forward": [],
                "order": 1,
                "redirect": [],
                "target_group_arn": "arn:aws:elasticloadbalancing:us-east-1:637423569811:targetgroup/graphql-service-tg/19e4e3591e78debc",
                "type": "forward"
              }
            ],
            "id": "arn:aws:elasticloadbalancing:us-east-1:637423569811:listener/app/graphql-load-balancer/bd6d4adc7f8ad14f/5443a7e04017db62",
            "load_balancer_arn": "arn:aws:elasticloadbalancing:us-east-1:637423569811:loadbalancer/app/graphql-load-balancer/bd6d4adc7f8ad14f",
            "mutual_authentication": [],
            "port": 80,
            "protocol": "HTTP",
            "ssl_policy": "",
            "tags": {
              "Environment": "dev",
              "Name": "http-listener"
            },
            "tags_all": {
              "Environment": "dev",
              "Name": "http-listener"
            },
            "timeouts": null
          },
          "sensitive_attributes": [],
          "private": "eyJlMmJmYjczMC1lY2FhLTExZTYtOGY4OC0zNDM2M2JjN2M0YzAiOnsiY3JlYXRlIjozMDAwMDAwMDAwMDAsInVwZGF0ZSI6MzAwMDAwMDAwMDAwfX0=",
          "dependencies": [
            "aws_lb.graphql_load-balancer",
            "aws_lb_target_group.graphql_service_tg"
          ]
        }
      ]
    },
    {
      "mode": "managed",
      "type": "aws_lb_listener",
      "name": "http_orders",
      "provider": "provider[\"registry.terraform.io/hashicorp/aws\"]",
      "instances": [
        {
          "schema_version": 0,
          "attributes": {
            "alpn_policy": null,
            "arn": "arn:aws:elasticloadbalancing:us-east-1:637423569811:listener/app/orders-load-balancer/6d0ac4d16be7ed96/702a6347e544ebf6",
            "certificate_arn": null,
            "default_action": [
              {
                "authenticate_cognito": [],
                "authenticate_oidc": [],
                "fixed_response": [],
                "forward": [],
                "order": 1,
                "redirect": [],
                "target_group_arn": "arn:aws:elasticloadbalancing:us-east-1:637423569811:targetgroup/orders-service-tg/544924701c53cea8",
                "type": "forward"
              }
            ],
            "id": "arn:aws:elasticloadbalancing:us-east-1:637423569811:listener/app/orders-load-balancer/6d0ac4d16be7ed96/702a6347e544ebf6",
            "load_balancer_arn": "arn:aws:elasticloadbalancing:us-east-1:637423569811:loadbalancer/app/orders-load-balancer/6d0ac4d16be7ed96",
            "mutual_authentication": [],
            "port": 80,
            "protocol": "HTTP",
            "ssl_policy": "",
            "tags": {
              "Environment": "dev",
              "Name": "http-listener"
            },
            "tags_all": {
              "Environment": "dev",
              "Name": "http-listener"
            },
            "timeouts": null
          },
          "sensitive_attributes": [],
          "private": "eyJlMmJmYjczMC1lY2FhLTExZTYtOGY4OC0zNDM2M2JjN2M0YzAiOnsiY3JlYXRlIjozMDAwMDAwMDAwMDAsInVwZGF0ZSI6MzAwMDAwMDAwMDAwfX0=",
          "dependencies": [
            "aws_lb.orders_load-balancer",
            "aws_lb_target_group.orders_service_tg"
          ]
        }
      ]
    },
    {
      "mode": "managed",
      "type": "aws_lb_target_group",
      "name": "ElasticSearch_service_tg",
      "provider": "provider[\"registry.terraform.io/hashicorp/aws\"]",
      "instances": [
        {
          "schema_version": 0,
          "attributes": {
            "arn": "arn:aws:elasticloadbalancing:us-east-1:637423569811:targetgroup/ElasticSearch-service-tg/d200bfa6edecbc38",
            "arn_suffix": "targetgroup/ElasticSearch-service-tg/d200bfa6edecbc38",
            "connection_termination": null,
            "deregistration_delay": "300",
            "health_check": [
              {
                "enabled": true,
                "healthy_threshold": 5,
                "interval": 30,
                "matcher": "200",
                "path": "/",
                "port": "traffic-port",
                "protocol": "HTTP",
                "timeout": 5,
                "unhealthy_threshold": 2
              }
            ],
            "id": "arn:aws:elasticloadbalancing:us-east-1:637423569811:targetgroup/ElasticSearch-service-tg/d200bfa6edecbc38",
            "ip_address_type": "ipv4",
            "lambda_multi_value_headers_enabled": false,
            "load_balancer_arns": [
              "arn:aws:elasticloadbalancing:us-east-1:637423569811:loadbalancer/app/ElasticSearch-load-balancer/c868ca453ae72ea1"
            ],
            "load_balancing_algorithm_type": "round_robin",
            "load_balancing_anomaly_mitigation": "off",
            "load_balancing_cross_zone_enabled": "use_load_balancer_configuration",
            "name": "ElasticSearch-service-tg",
            "name_prefix": "",
            "port": 80,
            "preserve_client_ip": null,
            "protocol": "HTTP",
            "protocol_version": "HTTP1",
            "proxy_protocol_v2": false,
            "slow_start": 0,
            "stickiness": [
              {
                "cookie_duration": 86400,
                "cookie_name": "",
                "enabled": false,
                "type": "lb_cookie"
              }
            ],
            "tags": {
              "Environment": "dev",
              "Name": "ElasticSearch-target-group"
            },
            "tags_all": {
              "Environment": "dev",
              "Name": "ElasticSearch-target-group"
            },
            "target_failover": [
              {
                "on_deregistration": null,
                "on_unhealthy": null
              }
            ],
            "target_health_state": [
              {
                "enable_unhealthy_connection_termination": null
              }
            ],
            "target_type": "instance",
            "vpc_id": "vpc-0ee1095c8645caad0"
          },
          "sensitive_attributes": [],
          "private": "bnVsbA==",
          "dependencies": [
            "aws_vpc.main"
          ]
        }
      ]
    },
    {
      "mode": "managed",
      "type": "aws_lb_target_group",
      "name": "accounts_service_tg",
      "provider": "provider[\"registry.terraform.io/hashicorp/aws\"]",
      "instances": [
        {
          "schema_version": 0,
          "attributes": {
            "arn": "arn:aws:elasticloadbalancing:us-east-1:637423569811:targetgroup/accounts-service-tg/cae6986422fbf39e",
            "arn_suffix": "targetgroup/accounts-service-tg/cae6986422fbf39e",
            "connection_termination": null,
            "deregistration_delay": "300",
            "health_check": [
              {
                "enabled": true,
                "healthy_threshold": 5,
                "interval": 30,
                "matcher": "200",
                "path": "/",
                "port": "traffic-port",
                "protocol": "HTTP",
                "timeout": 5,
                "unhealthy_threshold": 2
              }
            ],
            "id": "arn:aws:elasticloadbalancing:us-east-1:637423569811:targetgroup/accounts-service-tg/cae6986422fbf39e",
            "ip_address_type": "ipv4",
            "lambda_multi_value_headers_enabled": false,
            "load_balancer_arns": [
              "arn:aws:elasticloadbalancing:us-east-1:637423569811:loadbalancer/app/accounts-load-balancer/fd3933b9a26baaac"
            ],
            "load_balancing_algorithm_type": "round_robin",
            "load_balancing_anomaly_mitigation": "off",
            "load_balancing_cross_zone_enabled": "use_load_balancer_configuration",
            "name": "accounts-service-tg",
            "name_prefix": "",
            "port": 80,
            "preserve_client_ip": null,
            "protocol": "HTTP",
            "protocol_version": "HTTP1",
            "proxy_protocol_v2": false,
            "slow_start": 0,
            "stickiness": [
              {
                "cookie_duration": 86400,
                "cookie_name": "",
                "enabled": false,
                "type": "lb_cookie"
              }
            ],
            "tags": {
              "Environment": "dev",
              "Name": "accounts-target-group"
            },
            "tags_all": {
              "Environment": "dev",
              "Name": "accounts-target-group"
            },
            "target_failover": [
              {
                "on_deregistration": null,
                "on_unhealthy": null
              }
            ],
            "target_health_state": [
              {
                "enable_unhealthy_connection_termination": null
              }
            ],
            "target_type": "instance",
            "vpc_id": "vpc-0ee1095c8645caad0"
          },
          "sensitive_attributes": [],
          "private": "bnVsbA==",
          "dependencies": [
            "aws_vpc.main"
          ],
          "create_before_destroy": true
        }
      ]
    },
    {
      "mode": "managed",
      "type": "aws_lb_target_group",
      "name": "catalog_service_tg",
      "provider": "provider[\"registry.terraform.io/hashicorp/aws\"]",
      "instances": [
        {
          "schema_version": 0,
          "attributes": {
            "arn": "arn:aws:elasticloadbalancing:us-east-1:637423569811:targetgroup/catalog-service-tg/70a0f9264578fe6a",
            "arn_suffix": "targetgroup/catalog-service-tg/70a0f9264578fe6a",
            "connection_termination": null,
            "deregistration_delay": "300",
            "health_check": [
              {
                "enabled": true,
                "healthy_threshold": 5,
                "interval": 30,
                "matcher": "200",
                "path": "/",
                "port": "traffic-port",
                "protocol": "HTTP",
                "timeout": 5,
                "unhealthy_threshold": 2
              }
            ],
            "id": "arn:aws:elasticloadbalancing:us-east-1:637423569811:targetgroup/catalog-service-tg/70a0f9264578fe6a",
            "ip_address_type": "ipv4",
            "lambda_multi_value_headers_enabled": false,
            "load_balancer_arns": [
              "arn:aws:elasticloadbalancing:us-east-1:637423569811:loadbalancer/app/catalog-load-balancer/7fb9d702d203d828"
            ],
            "load_balancing_algorithm_type": "round_robin",
            "load_balancing_anomaly_mitigation": "off",
            "load_balancing_cross_zone_enabled": "use_load_balancer_configuration",
            "name": "catalog-service-tg",
            "name_prefix": "",
            "port": 80,
            "preserve_client_ip": null,
            "protocol": "HTTP",
            "protocol_version": "HTTP1",
            "proxy_protocol_v2": false,
            "slow_start": 0,
            "stickiness": [
              {
                "cookie_duration": 86400,
                "cookie_name": "",
                "enabled": false,
                "type": "lb_cookie"
              }
            ],
            "tags": {
              "Environment": "dev",
              "Name": "catalog-target-group"
            },
            "tags_all": {
              "Environment": "dev",
              "Name": "catalog-target-group"
            },
            "target_failover": [
              {
                "on_deregistration": null,
                "on_unhealthy": null
              }
            ],
            "target_health_state": [
              {
                "enable_unhealthy_connection_termination": null
              }
            ],
            "target_type": "instance",
            "vpc_id": "vpc-0ee1095c8645caad0"
          },
          "sensitive_attributes": [],
          "private": "bnVsbA==",
          "dependencies": [
            "aws_vpc.main"
          ]
        }
      ]
    },
    {
      "mode": "managed",
      "type": "aws_lb_target_group",
      "name": "graphql_service_tg",
      "provider": "provider[\"registry.terraform.io/hashicorp/aws\"]",
      "instances": [
        {
          "schema_version": 0,
          "attributes": {
            "arn": "arn:aws:elasticloadbalancing:us-east-1:637423569811:targetgroup/graphql-service-tg/19e4e3591e78debc",
            "arn_suffix": "targetgroup/graphql-service-tg/19e4e3591e78debc",
            "connection_termination": null,
            "deregistration_delay": "300",
            "health_check": [
              {
                "enabled": true,
                "healthy_threshold": 5,
                "interval": 30,
                "matcher": "200",
                "path": "/",
                "port": "traffic-port",
                "protocol": "HTTP",
                "timeout": 5,
                "unhealthy_threshold": 2
              }
            ],
            "id": "arn:aws:elasticloadbalancing:us-east-1:637423569811:targetgroup/graphql-service-tg/19e4e3591e78debc",
            "ip_address_type": "ipv4",
            "lambda_multi_value_headers_enabled": false,
            "load_balancer_arns": [
              "arn:aws:elasticloadbalancing:us-east-1:637423569811:loadbalancer/app/graphql-load-balancer/bd6d4adc7f8ad14f"
            ],
            "load_balancing_algorithm_type": "round_robin",
            "load_balancing_anomaly_mitigation": "off",
            "load_balancing_cross_zone_enabled": "use_load_balancer_configuration",
            "name": "graphql-service-tg",
            "name_prefix": "",
            "port": 80,
            "preserve_client_ip": null,
            "protocol": "HTTP",
            "protocol_version": "HTTP1",
            "proxy_protocol_v2": false,
            "slow_start": 0,
            "stickiness": [
              {
                "cookie_duration": 86400,
                "cookie_name": "",
                "enabled": false,
                "type": "lb_cookie"
              }
            ],
            "tags": {
              "Environment": "dev",
              "Name": "graphql-target-group"
            },
            "tags_all": {
              "Environment": "dev",
              "Name": "graphql-target-group"
            },
            "target_failover": [
              {
                "on_deregistration": null,
                "on_unhealthy": null
              }
            ],
            "target_health_state": [
              {
                "enable_unhealthy_connection_termination": null
              }
            ],
            "target_type": "instance",
            "vpc_id": "vpc-0ee1095c8645caad0"
          },
          "sensitive_attributes": [],
          "private": "bnVsbA==",
          "dependencies": [
            "aws_vpc.main"
          ]
        }
      ]
    },
    {
      "mode": "managed",
      "type": "aws_lb_target_group",
      "name": "orders_service_tg",
      "provider": "provider[\"registry.terraform.io/hashicorp/aws\"]",
      "instances": [
        {
          "schema_version": 0,
          "attributes": {
            "arn": "arn:aws:elasticloadbalancing:us-east-1:637423569811:targetgroup/orders-service-tg/544924701c53cea8",
            "arn_suffix": "targetgroup/orders-service-tg/544924701c53cea8",
            "connection_termination": null,
            "deregistration_delay": "300",
            "health_check": [
              {
                "enabled": true,
                "healthy_threshold": 5,
                "interval": 30,
                "matcher": "200",
                "path": "/",
                "port": "traffic-port",
                "protocol": "HTTP",
                "timeout": 5,
                "unhealthy_threshold": 2
              }
            ],
            "id": "arn:aws:elasticloadbalancing:us-east-1:637423569811:targetgroup/orders-service-tg/544924701c53cea8",
            "ip_address_type": "ipv4",
            "lambda_multi_value_headers_enabled": false,
            "load_balancer_arns": [
              "arn:aws:elasticloadbalancing:us-east-1:637423569811:loadbalancer/app/orders-load-balancer/6d0ac4d16be7ed96"
            ],
            "load_balancing_algorithm_type": "round_robin",
            "load_balancing_anomaly_mitigation": "off",
            "load_balancing_cross_zone_enabled": "use_load_balancer_configuration",
            "name": "orders-service-tg",
            "name_prefix": "",
            "port": 80,
            "preserve_client_ip": null,
            "protocol": "HTTP",
            "protocol_version": "HTTP1",
            "proxy_protocol_v2": false,
            "slow_start": 0,
            "stickiness": [
              {
                "cookie_duration": 86400,
                "cookie_name": "",
                "enabled": false,
                "type": "lb_cookie"
              }
            ],
            "tags": {
              "Environment": "dev",
              "Name": "orders-target-group"
            },
            "tags_all": {
              "Environment": "dev",
              "Name": "orders-target-group"
            },
            "target_failover": [
              {
                "on_deregistration": null,
                "on_unhealthy": null
              }
            ],
            "target_health_state": [
              {
                "enable_unhealthy_connection_termination": null
              }
            ],
            "target_type": "instance",
            "vpc_id": "vpc-0ee1095c8645caad0"
          },
          "sensitive_attributes": [],
          "private": "bnVsbA==",
          "dependencies": [
            "aws_vpc.main"
          ]
        }
      ]
    },
    {
      "mode": "managed",
      "type": "aws_route53_record",
      "name": "ElasticSearch_records",
      "provider": "provider[\"registry.terraform.io/hashicorp/aws\"]",
      "instances": [
        {
          "schema_version": 2,
          "attributes": {
            "alias": [
              {
                "evaluate_target_health": true,
                "name": "elasticsearch-load-balancer-1862636749.us-east-1.elb.amazonaws.com",
                "zone_id": "Z35SXDOTRQ7X7K"
              }
            ],
            "allow_overwrite": null,
            "cidr_routing_policy": [],
            "failover_routing_policy": [],
            "fqdn": "backend.elasticsearch.com",
            "geolocation_routing_policy": [],
            "geoproximity_routing_policy": [],
            "health_check_id": "",
            "id": "Z01805563R0D56G5W9AHT_backend.elasticsearch.com_A",
            "latency_routing_policy": [],
            "multivalue_answer_routing_policy": false,
            "name": "backend.elasticsearch.com",
            "records": [],
            "set_identifier": "",
            "ttl": 0,
            "type": "A",
            "weighted_routing_policy": [],
            "zone_id": "Z01805563R0D56G5W9AHT"
          },
          "sensitive_attributes": [],
          "private": "eyJzY2hlbWFfdmVyc2lvbiI6IjIifQ==",
          "dependencies": [
            "aws_lb.ElasticSearch_load-balancer",
            "aws_route53_zone.elasticSearch_zone"
          ]
        }
      ]
    },
    {
      "mode": "managed",
      "type": "aws_route53_record",
      "name": "accounts_record",
      "provider": "provider[\"registry.terraform.io/hashicorp/aws\"]",
      "instances": [
        {
          "schema_version": 2,
          "attributes": {
            "alias": [
              {
                "evaluate_target_health": true,
                "name": "accounts-load-balancer-2071788961.us-east-1.elb.amazonaws.com",
                "zone_id": "Z35SXDOTRQ7X7K"
              }
            ],
            "allow_overwrite": null,
            "cidr_routing_policy": [],
            "failover_routing_policy": [],
            "fqdn": "backend.accounts.com",
            "geolocation_routing_policy": [],
            "geoproximity_routing_policy": [],
            "health_check_id": "",
            "id": "Z01020622YJSVFIN4SDK1_backend.accounts.com_A",
            "latency_routing_policy": [],
            "multivalue_answer_routing_policy": false,
            "name": "backend.accounts.com",
            "records": [],
            "set_identifier": "",
            "ttl": 0,
            "type": "A",
            "weighted_routing_policy": [],
            "zone_id": "Z01020622YJSVFIN4SDK1"
          },
          "sensitive_attributes": [],
          "private": "eyJzY2hlbWFfdmVyc2lvbiI6IjIifQ==",
          "dependencies": [
            "aws_lb.accounts_load-balancer",
            "aws_route53_zone.accounts_zone"
          ]
        }
      ]
    },
    {
      "mode": "managed",
      "type": "aws_route53_record",
      "name": "catalog_records",
      "provider": "provider[\"registry.terraform.io/hashicorp/aws\"]",
      "instances": [
        {
          "schema_version": 2,
          "attributes": {
            "alias": [
              {
                "evaluate_target_health": true,
                "name": "catalog-load-balancer-1599407140.us-east-1.elb.amazonaws.com",
                "zone_id": "Z35SXDOTRQ7X7K"
              }
            ],
            "allow_overwrite": null,
            "cidr_routing_policy": [],
            "failover_routing_policy": [],
            "fqdn": "backend.catalog.com",
            "geolocation_routing_policy": [],
            "geoproximity_routing_policy": [],
            "health_check_id": "",
            "id": "Z01448571V4ARH01IZDY1_backend.catalog.com_A",
            "latency_routing_policy": [],
            "multivalue_answer_routing_policy": false,
            "name": "backend.catalog.com",
            "records": [],
            "set_identifier": "",
            "ttl": 0,
            "type": "A",
            "weighted_routing_policy": [],
            "zone_id": "Z01448571V4ARH01IZDY1"
          },
          "sensitive_attributes": [],
          "private": "eyJzY2hlbWFfdmVyc2lvbiI6IjIifQ==",
          "dependencies": [
            "aws_lb.catalog_load-balancer",
            "aws_route53_zone.catalog_zone"
          ]
        }
      ]
    },
    {
      "mode": "managed",
      "type": "aws_route53_record",
      "name": "orders_records",
      "provider": "provider[\"registry.terraform.io/hashicorp/aws\"]",
      "instances": [
        {
          "schema_version": 2,
          "attributes": {
            "alias": [
              {
                "evaluate_target_health": true,
                "name": "orders-load-balancer-755935859.us-east-1.elb.amazonaws.com",
                "zone_id": "Z35SXDOTRQ7X7K"
              }
            ],
            "allow_overwrite": null,
            "cidr_routing_policy": [],
            "failover_routing_policy": [],
            "fqdn": "backend.orders.com",
            "geolocation_routing_policy": [],
            "geoproximity_routing_policy": [],
            "health_check_id": "",
            "id": "Z01020972KHA7YQ3T7QVY_backend.orders.com_A",
            "latency_routing_policy": [],
            "multivalue_answer_routing_policy": false,
            "name": "backend.orders.com",
            "records": [],
            "set_identifier": "",
            "ttl": 0,
            "type": "A",
            "weighted_routing_policy": [],
            "zone_id": "Z01020972KHA7YQ3T7QVY"
          },
          "sensitive_attributes": [],
          "private": "eyJzY2hlbWFfdmVyc2lvbiI6IjIifQ==",
          "dependencies": [
            "aws_lb.orders_load-balancer",
            "aws_route53_zone.orders_zone"
          ]
        }
      ]
    },
    {
      "mode": "managed",
      "type": "aws_route53_record",
      "name": "postgres_rds_accounts",
      "provider": "provider[\"registry.terraform.io/hashicorp/aws\"]",
      "instances": [
        {
          "schema_version": 2,
          "attributes": {
            "alias": [],
            "allow_overwrite": null,
            "cidr_routing_policy": [],
            "failover_routing_policy": [],
            "fqdn": "backend.com.postgres.accounts",
            "geolocation_routing_policy": [],
            "geoproximity_routing_policy": [],
            "health_check_id": "",
            "id": "Z026137714B9JER92DJ91_backend.com_CNAME",
            "latency_routing_policy": [],
            "multivalue_answer_routing_policy": false,
            "name": "backend.com",
            "records": [
              "postgres-accounts.c926uqkoqnl2.us-east-1.rds.amazonaws.com"
            ],
            "set_identifier": "",
            "ttl": 300,
            "type": "CNAME",
            "weighted_routing_policy": [],
            "zone_id": "Z026137714B9JER92DJ91"
          },
          "sensitive_attributes": [],
          "private": "eyJzY2hlbWFfdmVyc2lvbiI6IjIifQ==",
          "dependencies": [
            "aws_db_instance.postgres-accounts",
            "aws_route53_zone.backend_postgres_accounts"
          ]
        }
      ]
    },
    {
      "mode": "managed",
      "type": "aws_route53_record",
      "name": "postgres_rds_orders",
      "provider": "provider[\"registry.terraform.io/hashicorp/aws\"]",
      "instances": [
        {
          "schema_version": 2,
          "attributes": {
            "alias": [],
            "allow_overwrite": null,
            "cidr_routing_policy": [],
            "failover_routing_policy": [],
            "fqdn": "backend.in.postgres.orders",
            "geolocation_routing_policy": [],
            "geoproximity_routing_policy": [],
            "health_check_id": "",
            "id": "Z02059242GOMDG7RS8F02_backend.in_CNAME",
            "latency_routing_policy": [],
            "multivalue_answer_routing_policy": false,
            "name": "backend.in",
            "records": [
              "postgres-orders.c926uqkoqnl2.us-east-1.rds.amazonaws.com"
            ],
            "set_identifier": "",
            "ttl": 300,
            "type": "CNAME",
            "weighted_routing_policy": [],
            "zone_id": "Z02059242GOMDG7RS8F02"
          },
          "sensitive_attributes": [],
          "private": "eyJzY2hlbWFfdmVyc2lvbiI6IjIifQ==",
          "dependencies": [
            "aws_db_instance.postgres-orders",
            "aws_route53_zone.backend_postgres_orders"
          ]
        }
      ]
    },
    {
      "mode": "managed",
      "type": "aws_route53_zone",
      "name": "accounts_zone",
      "provider": "provider[\"registry.terraform.io/hashicorp/aws\"]",
      "instances": [
        {
          "schema_version": 0,
          "attributes": {
            "arn": "arn:aws:route53:::hostedzone/Z01020622YJSVFIN4SDK1",
            "comment": "Managed by Terraform",
            "delegation_set_id": "",
            "force_destroy": false,
            "id": "Z01020622YJSVFIN4SDK1",
            "name": "backend.accounts.com",
            "name_servers": [
              "ns-0.awsdns-00.com.",
              "ns-1024.awsdns-00.org.",
              "ns-1536.awsdns-00.co.uk.",
              "ns-512.awsdns-00.net."
            ],
            "primary_name_server": "ns-0.awsdns-00.com.",
            "tags": {},
            "tags_all": {},
            "vpc": [
              {
                "vpc_id": "vpc-0ee1095c8645caad0",
                "vpc_region": "us-east-1"
              }
            ],
            "zone_id": "Z01020622YJSVFIN4SDK1"
          },
          "sensitive_attributes": [],
          "private": "bnVsbA==",
          "dependencies": [
            "aws_vpc.main"
          ]
        }
      ]
    },
    {
      "mode": "managed",
      "type": "aws_route53_zone",
      "name": "backend_postgres_accounts",
      "provider": "provider[\"registry.terraform.io/hashicorp/aws\"]",
      "instances": [
        {
          "schema_version": 0,
          "attributes": {
            "arn": "arn:aws:route53:::hostedzone/Z026137714B9JER92DJ91",
            "comment": "Managed by Terraform",
            "delegation_set_id": "",
            "force_destroy": false,
            "id": "Z026137714B9JER92DJ91",
            "name": "postgres.accounts",
            "name_servers": [
              "ns-0.awsdns-00.com.",
              "ns-1024.awsdns-00.org.",
              "ns-1536.awsdns-00.co.uk.",
              "ns-512.awsdns-00.net."
            ],
            "primary_name_server": "ns-0.awsdns-00.com.",
            "tags": null,
            "tags_all": {},
            "vpc": [
              {
                "vpc_id": "vpc-0ee1095c8645caad0",
                "vpc_region": "us-east-1"
              }
            ],
            "zone_id": "Z026137714B9JER92DJ91"
          },
          "sensitive_attributes": [],
          "private": "bnVsbA==",
          "dependencies": [
            "aws_vpc.main"
          ]
        }
      ]
    },
    {
      "mode": "managed",
      "type": "aws_route53_zone",
      "name": "backend_postgres_orders",
      "provider": "provider[\"registry.terraform.io/hashicorp/aws\"]",
      "instances": [
        {
          "schema_version": 0,
          "attributes": {
            "arn": "arn:aws:route53:::hostedzone/Z02059242GOMDG7RS8F02",
            "comment": "Managed by Terraform",
            "delegation_set_id": "",
            "force_destroy": false,
            "id": "Z02059242GOMDG7RS8F02",
            "name": "postgres.orders",
            "name_servers": [
              "ns-0.awsdns-00.com.",
              "ns-1024.awsdns-00.org.",
              "ns-1536.awsdns-00.co.uk.",
              "ns-512.awsdns-00.net."
            ],
            "primary_name_server": "ns-0.awsdns-00.com.",
            "tags": null,
            "tags_all": {},
            "vpc": [
              {
                "vpc_id": "vpc-0ee1095c8645caad0",
                "vpc_region": "us-east-1"
              }
            ],
            "zone_id": "Z02059242GOMDG7RS8F02"
          },
          "sensitive_attributes": [],
          "private": "bnVsbA==",
          "dependencies": [
            "aws_vpc.main"
          ]
        }
      ]
    },
    {
      "mode": "managed",
      "type": "aws_route53_zone",
      "name": "catalog_zone",
      "provider": "provider[\"registry.terraform.io/hashicorp/aws\"]",
      "instances": [
        {
          "schema_version": 0,
          "attributes": {
            "arn": "arn:aws:route53:::hostedzone/Z01448571V4ARH01IZDY1",
            "comment": "Managed by Terraform",
            "delegation_set_id": "",
            "force_destroy": false,
            "id": "Z01448571V4ARH01IZDY1",
            "name": "backend.catalog.com",
            "name_servers": [
              "ns-0.awsdns-00.com.",
              "ns-1024.awsdns-00.org.",
              "ns-1536.awsdns-00.co.uk.",
              "ns-512.awsdns-00.net."
            ],
            "primary_name_server": "ns-0.awsdns-00.com.",
            "tags": {},
            "tags_all": {},
            "vpc": [
              {
                "vpc_id": "vpc-0ee1095c8645caad0",
                "vpc_region": "us-east-1"
              }
            ],
            "zone_id": "Z01448571V4ARH01IZDY1"
          },
          "sensitive_attributes": [],
          "private": "bnVsbA==",
          "dependencies": [
            "aws_vpc.main"
          ]
        }
      ]
    },
    {
      "mode": "managed",
      "type": "aws_route53_zone",
      "name": "elasticSearch_zone",
      "provider": "provider[\"registry.terraform.io/hashicorp/aws\"]",
      "instances": [
        {
          "schema_version": 0,
          "attributes": {
            "arn": "arn:aws:route53:::hostedzone/Z01805563R0D56G5W9AHT",
            "comment": "Managed by Terraform",
            "delegation_set_id": "",
            "force_destroy": false,
            "id": "Z01805563R0D56G5W9AHT",
            "name": "backend.elasticsearch.com",
            "name_servers": [
              "ns-0.awsdns-00.com.",
              "ns-1024.awsdns-00.org.",
              "ns-1536.awsdns-00.co.uk.",
              "ns-512.awsdns-00.net."
            ],
            "primary_name_server": "ns-0.awsdns-00.com.",
            "tags": {},
            "tags_all": {},
            "vpc": [
              {
                "vpc_id": "vpc-0ee1095c8645caad0",
                "vpc_region": "us-east-1"
              }
            ],
            "zone_id": "Z01805563R0D56G5W9AHT"
          },
          "sensitive_attributes": [],
          "private": "bnVsbA==",
          "dependencies": [
            "aws_vpc.main"
          ]
        }
      ]
    },
    {
      "mode": "managed",
      "type": "aws_route53_zone",
      "name": "orders_zone",
      "provider": "provider[\"registry.terraform.io/hashicorp/aws\"]",
      "instances": [
        {
          "schema_version": 0,
          "attributes": {
            "arn": "arn:aws:route53:::hostedzone/Z01020972KHA7YQ3T7QVY",
            "comment": "Managed by Terraform",
            "delegation_set_id": "",
            "force_destroy": false,
            "id": "Z01020972KHA7YQ3T7QVY",
            "name": "backend.orders.com",
            "name_servers": [
              "ns-0.awsdns-00.com.",
              "ns-1024.awsdns-00.org.",
              "ns-1536.awsdns-00.co.uk.",
              "ns-512.awsdns-00.net."
            ],
            "primary_name_server": "ns-0.awsdns-00.com.",
            "tags": {},
            "tags_all": {},
            "vpc": [
              {
                "vpc_id": "vpc-0ee1095c8645caad0",
                "vpc_region": "us-east-1"
              }
            ],
            "zone_id": "Z01020972KHA7YQ3T7QVY"
          },
          "sensitive_attributes": [],
          "private": "bnVsbA==",
          "dependencies": [
            "aws_vpc.main"
          ]
        }
      ]
    },
    {
      "mode": "managed",
      "type": "aws_route_table",
      "name": "public",
      "provider": "provider[\"registry.terraform.io/hashicorp/aws\"]",
      "instances": [
        {
          "schema_version": 0,
          "attributes": {
            "arn": "arn:aws:ec2:us-east-1:637423569811:route-table/rtb-09bc4e10a2ec4219d",
            "id": "rtb-09bc4e10a2ec4219d",
            "owner_id": "637423569811",
            "propagating_vgws": [],
            "route": [
              {
                "carrier_gateway_id": "",
                "cidr_block": "0.0.0.0/0",
                "core_network_arn": "",
                "destination_prefix_list_id": "",
                "egress_only_gateway_id": "",
                "gateway_id": "igw-0cbbb0b57c886305b",
                "ipv6_cidr_block": "",
                "local_gateway_id": "",
                "nat_gateway_id": "",
                "network_interface_id": "",
                "transit_gateway_id": "",
                "vpc_endpoint_id": "",
                "vpc_peering_connection_id": ""
              }
            ],
            "tags": {
              "Environment": "dev",
              "Name": "dev-public"
            },
            "tags_all": {
              "Environment": "dev",
              "Name": "dev-public"
            },
            "timeouts": null,
            "vpc_id": "vpc-0ee1095c8645caad0"
          },
          "sensitive_attributes": [],
          "private": "eyJlMmJmYjczMC1lY2FhLTExZTYtOGY4OC0zNDM2M2JjN2M0YzAiOnsiY3JlYXRlIjozMDAwMDAwMDAwMDAsImRlbGV0ZSI6MzAwMDAwMDAwMDAwLCJ1cGRhdGUiOjEyMDAwMDAwMDAwMH19",
          "dependencies": [
            "aws_internet_gateway.igw",
            "aws_vpc.main"
          ]
        }
      ]
    },
    {
      "mode": "managed",
      "type": "aws_route_table_association",
      "name": "public_zone1",
      "provider": "provider[\"registry.terraform.io/hashicorp/aws\"]",
      "instances": [
        {
          "schema_version": 0,
          "attributes": {
            "gateway_id": "",
            "id": "rtbassoc-08c526641e00ae2c7",
            "route_table_id": "rtb-09bc4e10a2ec4219d",
            "subnet_id": "subnet-057cbeee66e4b1e6c",
            "timeouts": null
          },
          "sensitive_attributes": [],
          "private": "eyJlMmJmYjczMC1lY2FhLTExZTYtOGY4OC0zNDM2M2JjN2M0YzAiOnsiY3JlYXRlIjozMDAwMDAwMDAwMDAsImRlbGV0ZSI6MzAwMDAwMDAwMDAwLCJ1cGRhdGUiOjEyMDAwMDAwMDAwMH19",
          "dependencies": [
            "aws_route_table.public",
            "aws_subnet.public-zone1"
          ]
        }
      ]
    },
    {
      "mode": "managed",
      "type": "aws_route_table_association",
      "name": "public_zone2",
      "provider": "provider[\"registry.terraform.io/hashicorp/aws\"]",
      "instances": [
        {
          "schema_version": 0,
          "attributes": {
            "gateway_id": "",
            "id": "rtbassoc-05803ae528ff5ebaf",
            "route_table_id": "rtb-09bc4e10a2ec4219d",
            "subnet_id": "subnet-00478c18021a58fb4",
            "timeouts": null
          },
          "sensitive_attributes": [],
          "private": "eyJlMmJmYjczMC1lY2FhLTExZTYtOGY4OC0zNDM2M2JjN2M0YzAiOnsiY3JlYXRlIjozMDAwMDAwMDAwMDAsImRlbGV0ZSI6MzAwMDAwMDAwMDAwLCJ1cGRhdGUiOjEyMDAwMDAwMDAwMH19",
          "dependencies": [
            "aws_route_table.public",
            "aws_subnet.public-zone2"
          ]
        }
      ]
    },
    {
      "mode": "managed",
      "type": "aws_security_group",
      "name": "ec2_sg",
      "provider": "provider[\"registry.terraform.io/hashicorp/aws\"]",
      "instances": [
        {
          "schema_version": 1,
          "attributes": {
            "arn": "arn:aws:ec2:us-east-1:637423569811:security-group/sg-0c83a46c6850ec6be",
            "description": "Security group for EC2",
            "egress": [
              {
                "cidr_blocks": [
                  "0.0.0.0/0"
                ],
                "description": "",
                "from_port": 0,
                "ipv6_cidr_blocks": [],
                "prefix_list_ids": [],
                "protocol": "-1",
                "security_groups": [],
                "self": false,
                "to_port": 0
              }
            ],
            "id": "sg-0c83a46c6850ec6be",
            "ingress": [
              {
                "cidr_blocks": [
                  "0.0.0.0/0"
                ],
                "description": "",
                "from_port": 0,
                "ipv6_cidr_blocks": [],
                "prefix_list_ids": [],
                "protocol": "-1",
                "security_groups": [],
                "self": false,
                "to_port": 0
              }
            ],
            "name": "ec2-security-group",
            "name_prefix": "",
            "owner_id": "637423569811",
            "revoke_rules_on_delete": false,
            "tags": {
              "Environment": "dev",
              "Name": "ec2-security-group"
            },
            "tags_all": {
              "Environment": "dev",
              "Name": "ec2-security-group"
            },
            "timeouts": null,
            "vpc_id": "vpc-0ee1095c8645caad0"
          },
          "sensitive_attributes": [],
          "private": "eyJlMmJmYjczMC1lY2FhLTExZTYtOGY4OC0zNDM2M2JjN2M0YzAiOnsiY3JlYXRlIjo2MDAwMDAwMDAwMDAsImRlbGV0ZSI6OTAwMDAwMDAwMDAwfSwic2NoZW1hX3ZlcnNpb24iOiIxIn0=",
          "dependencies": [
            "aws_vpc.main"
          ],
          "create_before_destroy": true
        }
      ]
    },
    {
      "mode": "managed",
      "type": "aws_subnet",
      "name": "public-zone1",
      "provider": "provider[\"registry.terraform.io/hashicorp/aws\"]",
      "instances": [
        {
          "schema_version": 1,
          "attributes": {
            "arn": "arn:aws:ec2:us-east-1:637423569811:subnet/subnet-057cbeee66e4b1e6c",
            "assign_ipv6_address_on_creation": false,
            "availability_zone": "us-east-1a",
            "availability_zone_id": "use1-az2",
            "cidr_block": "10.0.0.0/19",
            "customer_owned_ipv4_pool": "",
            "enable_dns64": false,
            "enable_lni_at_device_index": 0,
            "enable_resource_name_dns_a_record_on_launch": false,
            "enable_resource_name_dns_aaaa_record_on_launch": false,
            "id": "subnet-057cbeee66e4b1e6c",
            "ipv6_cidr_block": "",
            "ipv6_cidr_block_association_id": "",
            "ipv6_native": false,
            "map_customer_owned_ip_on_launch": false,
            "map_public_ip_on_launch": false,
            "outpost_arn": "",
            "owner_id": "637423569811",
            "private_dns_hostname_type_on_launch": "ip-name",
            "tags": {
              "Name": "dev-public-us-east-1a"
            },
            "tags_all": {
              "Name": "dev-public-us-east-1a"
            },
            "timeouts": null,
            "vpc_id": "vpc-0ee1095c8645caad0"
          },
          "sensitive_attributes": [],
          "private": "eyJlMmJmYjczMC1lY2FhLTExZTYtOGY4OC0zNDM2M2JjN2M0YzAiOnsiY3JlYXRlIjo2MDAwMDAwMDAwMDAsImRlbGV0ZSI6MTIwMDAwMDAwMDAwMH0sInNjaGVtYV92ZXJzaW9uIjoiMSJ9",
          "dependencies": [
            "aws_vpc.main"
          ],
          "create_before_destroy": true
        }
      ]
    },
    {
      "mode": "managed",
      "type": "aws_subnet",
      "name": "public-zone2",
      "provider": "provider[\"registry.terraform.io/hashicorp/aws\"]",
      "instances": [
        {
          "schema_version": 1,
          "attributes": {
            "arn": "arn:aws:ec2:us-east-1:637423569811:subnet/subnet-00478c18021a58fb4",
            "assign_ipv6_address_on_creation": false,
            "availability_zone": "us-east-1b",
            "availability_zone_id": "use1-az4",
            "cidr_block": "10.0.32.0/19",
            "customer_owned_ipv4_pool": "",
            "enable_dns64": false,
            "enable_lni_at_device_index": 0,
            "enable_resource_name_dns_a_record_on_launch": false,
            "enable_resource_name_dns_aaaa_record_on_launch": false,
            "id": "subnet-00478c18021a58fb4",
            "ipv6_cidr_block": "",
            "ipv6_cidr_block_association_id": "",
            "ipv6_native": false,
            "map_customer_owned_ip_on_launch": false,
            "map_public_ip_on_launch": false,
            "outpost_arn": "",
            "owner_id": "637423569811",
            "private_dns_hostname_type_on_launch": "ip-name",
            "tags": {
              "Name": "dev-public-subnet-2"
            },
            "tags_all": {
              "Name": "dev-public-subnet-2"
            },
            "timeouts": null,
            "vpc_id": "vpc-0ee1095c8645caad0"
          },
          "sensitive_attributes": [],
          "private": "eyJlMmJmYjczMC1lY2FhLTExZTYtOGY4OC0zNDM2M2JjN2M0YzAiOnsiY3JlYXRlIjo2MDAwMDAwMDAwMDAsImRlbGV0ZSI6MTIwMDAwMDAwMDAwMH0sInNjaGVtYV92ZXJzaW9uIjoiMSJ9",
          "dependencies": [
            "aws_vpc.main"
          ],
          "create_before_destroy": true
        }
      ]
    },
    {
      "mode": "managed",
      "type": "aws_vpc",
      "name": "main",
      "provider": "provider[\"registry.terraform.io/hashicorp/aws\"]",
      "instances": [
        {
          "schema_version": 1,
          "attributes": {
            "arn": "arn:aws:ec2:us-east-1:637423569811:vpc/vpc-0ee1095c8645caad0",
            "assign_generated_ipv6_cidr_block": false,
            "cidr_block": "10.0.0.0/16",
            "default_network_acl_id": "acl-0878103cbd163ba00",
            "default_route_table_id": "rtb-0062af1998773cfcd",
            "default_security_group_id": "sg-07bd840cdc3202955",
            "dhcp_options_id": "dopt-0ec20710894456e9a",
            "enable_dns_hostnames": true,
            "enable_dns_support": true,
            "enable_network_address_usage_metrics": false,
            "id": "vpc-0ee1095c8645caad0",
            "instance_tenancy": "default",
            "ipv4_ipam_pool_id": null,
            "ipv4_netmask_length": null,
            "ipv6_association_id": "",
            "ipv6_cidr_block": "",
            "ipv6_cidr_block_network_border_group": "",
            "ipv6_ipam_pool_id": "",
            "ipv6_netmask_length": 0,
            "main_route_table_id": "rtb-0062af1998773cfcd",
            "owner_id": "637423569811",
            "tags": {
              "Name": "dev"
            },
            "tags_all": {
              "Name": "dev"
            }
          },
          "sensitive_attributes": [],
          "private": "eyJzY2hlbWFfdmVyc2lvbiI6IjEifQ==",
          "create_before_destroy": true
        }
      ]
    }
  ],
  "check_results": null
}
